// !$*UTF8*$!
{
	archiveVersion = 1;
	classes = {
	};
	objectVersion = 50;
	objects = {

/* Begin PBXBuildFile section */
		1400F97F241BF47D003BFED8 /* AppDelegate.swift in Sources */ = {isa = PBXBuildFile; fileRef = 1400F97E241BF47D003BFED8 /* AppDelegate.swift */; };
		1400F981241BF47D003BFED8 /* GameViewController.swift in Sources */ = {isa = PBXBuildFile; fileRef = 1400F980241BF47D003BFED8 /* GameViewController.swift */; };
		1400F987241BF47D003BFED8 /* LaunchScreen.storyboard in Resources */ = {isa = PBXBuildFile; fileRef = 1400F985241BF47D003BFED8 /* LaunchScreen.storyboard */; };
		1400F990241BF47D003BFED8 /* AppDelegate.swift in Sources */ = {isa = PBXBuildFile; fileRef = 1400F98F241BF47D003BFED8 /* AppDelegate.swift */; };
		1400F992241BF47D003BFED8 /* GameViewController.swift in Sources */ = {isa = PBXBuildFile; fileRef = 1400F991241BF47D003BFED8 /* GameViewController.swift */; };
		1400F998241BF47D003BFED8 /* LaunchScreen.storyboard in Resources */ = {isa = PBXBuildFile; fileRef = 1400F996241BF47D003BFED8 /* LaunchScreen.storyboard */; };
		1400F9A1241BF47D003BFED8 /* AppDelegate.swift in Sources */ = {isa = PBXBuildFile; fileRef = 1400F9A0241BF47D003BFED8 /* AppDelegate.swift */; };
		1400F9A3241BF47D003BFED8 /* GameViewController.swift in Sources */ = {isa = PBXBuildFile; fileRef = 1400F9A2241BF47D003BFED8 /* GameViewController.swift */; };
		1400F9A6241BF47D003BFED8 /* Main.storyboard in Resources */ = {isa = PBXBuildFile; fileRef = 1400F9A4241BF47D003BFED8 /* Main.storyboard */; };
		1400F9AE241BF47D003BFED8 /* GameScene.swift in Sources */ = {isa = PBXBuildFile; fileRef = 1400F975241BF47C003BFED8 /* GameScene.swift */; };
		1400F9AF241BF47D003BFED8 /* GameScene.swift in Sources */ = {isa = PBXBuildFile; fileRef = 1400F975241BF47C003BFED8 /* GameScene.swift */; };
		1400F9B0241BF47D003BFED8 /* GameScene.swift in Sources */ = {isa = PBXBuildFile; fileRef = 1400F975241BF47C003BFED8 /* GameScene.swift */; };
		1400F9B1241BF47D003BFED8 /* Assets.xcassets in Resources */ = {isa = PBXBuildFile; fileRef = 1400F976241BF47D003BFED8 /* Assets.xcassets */; };
		1400F9B2241BF47D003BFED8 /* Assets.xcassets in Resources */ = {isa = PBXBuildFile; fileRef = 1400F976241BF47D003BFED8 /* Assets.xcassets */; };
		1400F9B3241BF47D003BFED8 /* Assets.xcassets in Resources */ = {isa = PBXBuildFile; fileRef = 1400F976241BF47D003BFED8 /* Assets.xcassets */; };
		140266F12431F29800EF4AA8 /* ZPosition.swift in Sources */ = {isa = PBXBuildFile; fileRef = 140266F02431F29800EF4AA8 /* ZPosition.swift */; };
		140266F22431F29800EF4AA8 /* ZPosition.swift in Sources */ = {isa = PBXBuildFile; fileRef = 140266F02431F29800EF4AA8 /* ZPosition.swift */; };
		140266F32431F29800EF4AA8 /* ZPosition.swift in Sources */ = {isa = PBXBuildFile; fileRef = 140266F02431F29800EF4AA8 /* ZPosition.swift */; };
		14078745243B23FA00A8B80B /* GameScene+Depth.swift in Sources */ = {isa = PBXBuildFile; fileRef = 14078744243B23FA00A8B80B /* GameScene+Depth.swift */; };
		14078746243B23FA00A8B80B /* GameScene+Depth.swift in Sources */ = {isa = PBXBuildFile; fileRef = 14078744243B23FA00A8B80B /* GameScene+Depth.swift */; };
		14078747243B23FA00A8B80B /* GameScene+Depth.swift in Sources */ = {isa = PBXBuildFile; fileRef = 14078744243B23FA00A8B80B /* GameScene+Depth.swift */; };
		1419B426243DAC5B00A74A63 /* GameTests.swift in Sources */ = {isa = PBXBuildFile; fileRef = 1419B425243DAC5B00A74A63 /* GameTests.swift */; };
		1423A15B243EA4CA00E085D9 /* HoleStat.swift in Sources */ = {isa = PBXBuildFile; fileRef = 1423A15A243EA4CA00E085D9 /* HoleStat.swift */; };
		1423A15C243EA4CA00E085D9 /* HoleStat.swift in Sources */ = {isa = PBXBuildFile; fileRef = 1423A15A243EA4CA00E085D9 /* HoleStat.swift */; };
		1423A15D243EA4CA00E085D9 /* HoleStat.swift in Sources */ = {isa = PBXBuildFile; fileRef = 1423A15A243EA4CA00E085D9 /* HoleStat.swift */; };
		1423A15F243EAF3300E085D9 /* GameStats.swift in Sources */ = {isa = PBXBuildFile; fileRef = 1423A15E243EAF3300E085D9 /* GameStats.swift */; };
		1423A160243EAF3300E085D9 /* GameStats.swift in Sources */ = {isa = PBXBuildFile; fileRef = 1423A15E243EAF3300E085D9 /* GameStats.swift */; };
		1423A161243EAF3300E085D9 /* GameStats.swift in Sources */ = {isa = PBXBuildFile; fileRef = 1423A15E243EAF3300E085D9 /* GameStats.swift */; };
		1423A163243EB19200E085D9 /* SaveUtility.swift in Sources */ = {isa = PBXBuildFile; fileRef = 1423A162243EB19200E085D9 /* SaveUtility.swift */; };
		1423A164243EB19200E085D9 /* SaveUtility.swift in Sources */ = {isa = PBXBuildFile; fileRef = 1423A162243EB19200E085D9 /* SaveUtility.swift */; };
		1423A165243EB19200E085D9 /* SaveUtility.swift in Sources */ = {isa = PBXBuildFile; fileRef = 1423A162243EB19200E085D9 /* SaveUtility.swift */; };
		1423A16B243EB81200E085D9 /* StarTextureCreator.swift in Sources */ = {isa = PBXBuildFile; fileRef = 1423A16A243EB81200E085D9 /* StarTextureCreator.swift */; };
		1423A16C243EB81200E085D9 /* StarTextureCreator.swift in Sources */ = {isa = PBXBuildFile; fileRef = 1423A16A243EB81200E085D9 /* StarTextureCreator.swift */; };
		1423A16D243EB81200E085D9 /* StarTextureCreator.swift in Sources */ = {isa = PBXBuildFile; fileRef = 1423A16A243EB81200E085D9 /* StarTextureCreator.swift */; };
		1423A16F243EB84400E085D9 /* SKCircleRect.swift in Sources */ = {isa = PBXBuildFile; fileRef = 1423A16E243EB84400E085D9 /* SKCircleRect.swift */; };
		1423A170243EB84400E085D9 /* SKCircleRect.swift in Sources */ = {isa = PBXBuildFile; fileRef = 1423A16E243EB84400E085D9 /* SKCircleRect.swift */; };
		1423A171243EB84400E085D9 /* SKCircleRect.swift in Sources */ = {isa = PBXBuildFile; fileRef = 1423A16E243EB84400E085D9 /* SKCircleRect.swift */; };
		1430446D24341C91007B1992 /* LevelNode.swift in Sources */ = {isa = PBXBuildFile; fileRef = 1430446C24341C91007B1992 /* LevelNode.swift */; };
		1430446E24341C91007B1992 /* LevelNode.swift in Sources */ = {isa = PBXBuildFile; fileRef = 1430446C24341C91007B1992 /* LevelNode.swift */; };
		1430446F24341C91007B1992 /* LevelNode.swift in Sources */ = {isa = PBXBuildFile; fileRef = 1430446C24341C91007B1992 /* LevelNode.swift */; };
		145845F324207E8F00B0B922 /* GameScene+Input.swift in Sources */ = {isa = PBXBuildFile; fileRef = 145845F224207E8F00B0B922 /* GameScene+Input.swift */; };
		145845F524208BEA00B0B922 /* CGExtensions.swift in Sources */ = {isa = PBXBuildFile; fileRef = 145845F424208BEA00B0B922 /* CGExtensions.swift */; };
		145845F624208BEA00B0B922 /* CGExtensions.swift in Sources */ = {isa = PBXBuildFile; fileRef = 145845F424208BEA00B0B922 /* CGExtensions.swift */; };
		145845F724208BEA00B0B922 /* CGExtensions.swift in Sources */ = {isa = PBXBuildFile; fileRef = 145845F424208BEA00B0B922 /* CGExtensions.swift */; };
		1471668D241C49DA00E75D98 /* Player.swift in Sources */ = {isa = PBXBuildFile; fileRef = 1471668C241C49DA00E75D98 /* Player.swift */; };
		1471668E241C49E000E75D98 /* Player.swift in Sources */ = {isa = PBXBuildFile; fileRef = 1471668C241C49DA00E75D98 /* Player.swift */; };
		1471668F241C49E000E75D98 /* Player.swift in Sources */ = {isa = PBXBuildFile; fileRef = 1471668C241C49DA00E75D98 /* Player.swift */; };
		14716691241C49EA00E75D98 /* Planet.swift in Sources */ = {isa = PBXBuildFile; fileRef = 14716690241C49EA00E75D98 /* Planet.swift */; };
		14716692241C49EC00E75D98 /* Planet.swift in Sources */ = {isa = PBXBuildFile; fileRef = 14716690241C49EA00E75D98 /* Planet.swift */; };
		14716693241C49EC00E75D98 /* Planet.swift in Sources */ = {isa = PBXBuildFile; fileRef = 14716690241C49EA00E75D98 /* Planet.swift */; };
		14716695241C4A0500E75D98 /* Goal.swift in Sources */ = {isa = PBXBuildFile; fileRef = 14716694241C4A0500E75D98 /* Goal.swift */; };
		14716696241C4A0500E75D98 /* Goal.swift in Sources */ = {isa = PBXBuildFile; fileRef = 14716694241C4A0500E75D98 /* Goal.swift */; };
		14716697241C4A0500E75D98 /* Goal.swift in Sources */ = {isa = PBXBuildFile; fileRef = 14716694241C4A0500E75D98 /* Goal.swift */; };
		14716699241C4A1600E75D98 /* AimAssist.swift in Sources */ = {isa = PBXBuildFile; fileRef = 14716698241C4A1600E75D98 /* AimAssist.swift */; };
		1471669A241C4A1600E75D98 /* AimAssist.swift in Sources */ = {isa = PBXBuildFile; fileRef = 14716698241C4A1600E75D98 /* AimAssist.swift */; };
		1471669B241C4A1600E75D98 /* AimAssist.swift in Sources */ = {isa = PBXBuildFile; fileRef = 14716698241C4A1600E75D98 /* AimAssist.swift */; };
		1471669D241C4A3700E75D98 /* SpriteCategory.swift in Sources */ = {isa = PBXBuildFile; fileRef = 1471669C241C4A3700E75D98 /* SpriteCategory.swift */; };
		1471669E241C4A3700E75D98 /* SpriteCategory.swift in Sources */ = {isa = PBXBuildFile; fileRef = 1471669C241C4A3700E75D98 /* SpriteCategory.swift */; };
		1471669F241C4A3700E75D98 /* SpriteCategory.swift in Sources */ = {isa = PBXBuildFile; fileRef = 1471669C241C4A3700E75D98 /* SpriteCategory.swift */; };
		148FF73A243FB705007073B5 /* StarTextureCreator.swift in Sources */ = {isa = PBXBuildFile; fileRef = 1423A16A243EB81200E085D9 /* StarTextureCreator.swift */; };
		148FF73D243FB74C007073B5 /* HoleStat.swift in Sources */ = {isa = PBXBuildFile; fileRef = 1423A15A243EA4CA00E085D9 /* HoleStat.swift */; };
		148FF73E243FB74F007073B5 /* GameStats.swift in Sources */ = {isa = PBXBuildFile; fileRef = 1423A15E243EAF3300E085D9 /* GameStats.swift */; };
		148FF73F243FB799007073B5 /* SaveUtility.swift in Sources */ = {isa = PBXBuildFile; fileRef = 1423A162243EB19200E085D9 /* SaveUtility.swift */; };
		148FF740243FB7A4007073B5 /* SKCircleRect.swift in Sources */ = {isa = PBXBuildFile; fileRef = 1423A16E243EB84400E085D9 /* SKCircleRect.swift */; };
		148FF742243FCC8C007073B5 /* LeaderboardUtility.swift in Sources */ = {isa = PBXBuildFile; fileRef = 148FF741243FCC8C007073B5 /* LeaderboardUtility.swift */; };
		148FF743243FCC8C007073B5 /* LeaderboardUtility.swift in Sources */ = {isa = PBXBuildFile; fileRef = 148FF741243FCC8C007073B5 /* LeaderboardUtility.swift */; };
		148FF744243FCC8C007073B5 /* LeaderboardUtility.swift in Sources */ = {isa = PBXBuildFile; fileRef = 148FF741243FCC8C007073B5 /* LeaderboardUtility.swift */; };
		148FF746244130B4007073B5 /* LeaderboardButton.swift in Sources */ = {isa = PBXBuildFile; fileRef = 148FF745244130B4007073B5 /* LeaderboardButton.swift */; };
		148FF747244130B4007073B5 /* LeaderboardButton.swift in Sources */ = {isa = PBXBuildFile; fileRef = 148FF745244130B4007073B5 /* LeaderboardButton.swift */; };
		148FF748244130B4007073B5 /* LeaderboardButton.swift in Sources */ = {isa = PBXBuildFile; fileRef = 148FF745244130B4007073B5 /* LeaderboardButton.swift */; };
		148FF749244132D9007073B5 /* GameScene+Input.swift in Sources */ = {isa = PBXBuildFile; fileRef = 145845F224207E8F00B0B922 /* GameScene+Input.swift */; };
		148FF74A244132DA007073B5 /* GameScene+Input.swift in Sources */ = {isa = PBXBuildFile; fileRef = 145845F224207E8F00B0B922 /* GameScene+Input.swift */; };
		14AA9C8224387B1D00842A27 /* Debugging.swift in Sources */ = {isa = PBXBuildFile; fileRef = 14AA9C8124387B1D00842A27 /* Debugging.swift */; };
		14AA9C8324387B1D00842A27 /* Debugging.swift in Sources */ = {isa = PBXBuildFile; fileRef = 14AA9C8124387B1D00842A27 /* Debugging.swift */; };
		14AA9C8424387B1D00842A27 /* Debugging.swift in Sources */ = {isa = PBXBuildFile; fileRef = 14AA9C8124387B1D00842A27 /* Debugging.swift */; };
		14AA9C8624387B2900842A27 /* Design.swift in Sources */ = {isa = PBXBuildFile; fileRef = 14AA9C8524387B2900842A27 /* Design.swift */; };
		14AA9C8724387B2900842A27 /* Design.swift in Sources */ = {isa = PBXBuildFile; fileRef = 14AA9C8524387B2900842A27 /* Design.swift */; };
		14AA9C8824387B2900842A27 /* Design.swift in Sources */ = {isa = PBXBuildFile; fileRef = 14AA9C8524387B2900842A27 /* Design.swift */; };
		14AA9C8A243885A400842A27 /* AppKitContextRenderer.swift in Sources */ = {isa = PBXBuildFile; fileRef = 14AA9C89243885A400842A27 /* AppKitContextRenderer.swift */; };
		14AA9C8B243885A400842A27 /* AppKitContextRenderer.swift in Sources */ = {isa = PBXBuildFile; fileRef = 14AA9C89243885A400842A27 /* AppKitContextRenderer.swift */; };
		14AA9C8C243885A400842A27 /* AppKitContextRenderer.swift in Sources */ = {isa = PBXBuildFile; fileRef = 14AA9C89243885A400842A27 /* AppKitContextRenderer.swift */; };
		14AA9C8E243888F100842A27 /* SKExtensions.swift in Sources */ = {isa = PBXBuildFile; fileRef = 14AA9C8D243888F100842A27 /* SKExtensions.swift */; };
		14AA9C8F243888F100842A27 /* SKExtensions.swift in Sources */ = {isa = PBXBuildFile; fileRef = 14AA9C8D243888F100842A27 /* SKExtensions.swift */; };
		14AA9C90243888F100842A27 /* SKExtensions.swift in Sources */ = {isa = PBXBuildFile; fileRef = 14AA9C8D243888F100842A27 /* SKExtensions.swift */; };
		14AA9C922438943E00842A27 /* CircleRenderer.swift in Sources */ = {isa = PBXBuildFile; fileRef = 14AA9C912438943E00842A27 /* CircleRenderer.swift */; };
		14AA9C932438943E00842A27 /* CircleRenderer.swift in Sources */ = {isa = PBXBuildFile; fileRef = 14AA9C912438943E00842A27 /* CircleRenderer.swift */; };
		14AA9C942438943E00842A27 /* CircleRenderer.swift in Sources */ = {isa = PBXBuildFile; fileRef = 14AA9C912438943E00842A27 /* CircleRenderer.swift */; };
		14AA9C9A2439617900842A27 /* GameScene+ContactDelegate.swift in Sources */ = {isa = PBXBuildFile; fileRef = 14AA9C992439617900842A27 /* GameScene+ContactDelegate.swift */; };
		14AA9C9B2439617900842A27 /* GameScene+ContactDelegate.swift in Sources */ = {isa = PBXBuildFile; fileRef = 14AA9C992439617900842A27 /* GameScene+ContactDelegate.swift */; };
		14AA9C9C2439617900842A27 /* GameScene+ContactDelegate.swift in Sources */ = {isa = PBXBuildFile; fileRef = 14AA9C992439617900842A27 /* GameScene+ContactDelegate.swift */; };
		14AC4AED243F11FB000F6D3C /* PlanetShader.fsh in Resources */ = {isa = PBXBuildFile; fileRef = 14AC4AEC243F11FB000F6D3C /* PlanetShader.fsh */; };
		14AC4AEE243F11FB000F6D3C /* PlanetShader.fsh in Resources */ = {isa = PBXBuildFile; fileRef = 14AC4AEC243F11FB000F6D3C /* PlanetShader.fsh */; };
		14AC4AEF243F11FB000F6D3C /* PlanetShader.fsh in Resources */ = {isa = PBXBuildFile; fileRef = 14AC4AEC243F11FB000F6D3C /* PlanetShader.fsh */; };
		14AC4AF42440D937000F6D3C /* GameKit.framework in Frameworks */ = {isa = PBXBuildFile; fileRef = 14AC4AF32440D937000F6D3C /* GameKit.framework */; };
		14AC4AF62440F56E000F6D3C /* HapticsUtility.swift in Sources */ = {isa = PBXBuildFile; fileRef = 14AC4AF52440F56E000F6D3C /* HapticsUtility.swift */; };
		14AC4AF72440F56E000F6D3C /* HapticsUtility.swift in Sources */ = {isa = PBXBuildFile; fileRef = 14AC4AF52440F56E000F6D3C /* HapticsUtility.swift */; };
		14AC4AF82440F56E000F6D3C /* HapticsUtility.swift in Sources */ = {isa = PBXBuildFile; fileRef = 14AC4AF52440F56E000F6D3C /* HapticsUtility.swift */; };
		14B5727A2428B5A8006F85FE /* StarDepthNode.swift in Sources */ = {isa = PBXBuildFile; fileRef = 14B572792428B5A8006F85FE /* StarDepthNode.swift */; };
		14B5727B2428B5A8006F85FE /* StarDepthNode.swift in Sources */ = {isa = PBXBuildFile; fileRef = 14B572792428B5A8006F85FE /* StarDepthNode.swift */; };
		14B5727C2428B5A8006F85FE /* StarDepthNode.swift in Sources */ = {isa = PBXBuildFile; fileRef = 14B572792428B5A8006F85FE /* StarDepthNode.swift */; };
		14B67CA82443090C0096604F /* HapticsUtility.swift in Sources */ = {isa = PBXBuildFile; fileRef = 14AC4AF52440F56E000F6D3C /* HapticsUtility.swift */; };
		14B67CA92443090C0096604F /* LeaderboardUtility.swift in Sources */ = {isa = PBXBuildFile; fileRef = 148FF741243FCC8C007073B5 /* LeaderboardUtility.swift */; };
		14B67CAB244309270096604F /* AimAssist.swift in Sources */ = {isa = PBXBuildFile; fileRef = 14716698241C4A1600E75D98 /* AimAssist.swift */; };
		14B67CAC244309270096604F /* Goal.swift in Sources */ = {isa = PBXBuildFile; fileRef = 14716694241C4A0500E75D98 /* Goal.swift */; };
		14B67CAD244309270096604F /* LeaderboardButton.swift in Sources */ = {isa = PBXBuildFile; fileRef = 148FF745244130B4007073B5 /* LeaderboardButton.swift */; };
		14B67CAE244309270096604F /* LevelNode.swift in Sources */ = {isa = PBXBuildFile; fileRef = 1430446C24341C91007B1992 /* LevelNode.swift */; };
		14B67CAF244309270096604F /* Planet.swift in Sources */ = {isa = PBXBuildFile; fileRef = 14716690241C49EA00E75D98 /* Planet.swift */; };
		14B67CB0244309270096604F /* PlanetShader.fsh in Resources */ = {isa = PBXBuildFile; fileRef = 14AC4AEC243F11FB000F6D3C /* PlanetShader.fsh */; };
		14B67CB1244309270096604F /* Player.swift in Sources */ = {isa = PBXBuildFile; fileRef = 1471668C241C49DA00E75D98 /* Player.swift */; };
		14B67CB2244309270096604F /* StarDepthNode.swift in Sources */ = {isa = PBXBuildFile; fileRef = 14B572792428B5A8006F85FE /* StarDepthNode.swift */; };
		14D85597243C376B003883FB /* SKCodableColor.swift in Sources */ = {isa = PBXBuildFile; fileRef = 14D85596243C376B003883FB /* SKCodableColor.swift */; };
		14D85598243C376B003883FB /* SKCodableColor.swift in Sources */ = {isa = PBXBuildFile; fileRef = 14D85596243C376B003883FB /* SKCodableColor.swift */; };
		14D85599243C376B003883FB /* SKCodableColor.swift in Sources */ = {isa = PBXBuildFile; fileRef = 14D85596243C376B003883FB /* SKCodableColor.swift */; };
		14E179C7243DACF300937C49 /* GameScene.swift in Sources */ = {isa = PBXBuildFile; fileRef = 1400F975241BF47C003BFED8 /* GameScene.swift */; };
		14E179C9243DACF300937C49 /* GameScene+ContactDelegate.swift in Sources */ = {isa = PBXBuildFile; fileRef = 14AA9C992439617900842A27 /* GameScene+ContactDelegate.swift */; };
		14E179CA243DACF300937C49 /* GameScene+Depth.swift in Sources */ = {isa = PBXBuildFile; fileRef = 14078744243B23FA00A8B80B /* GameScene+Depth.swift */; };
		14E179CD243DACF300937C49 /* ZPosition.swift in Sources */ = {isa = PBXBuildFile; fileRef = 140266F02431F29800EF4AA8 /* ZPosition.swift */; };
		14E179D0243DACF300937C49 /* AppKitContextRenderer.swift in Sources */ = {isa = PBXBuildFile; fileRef = 14AA9C89243885A400842A27 /* AppKitContextRenderer.swift */; };
		14E179D2243DACF300937C49 /* Debugging.swift in Sources */ = {isa = PBXBuildFile; fileRef = 14AA9C8124387B1D00842A27 /* Debugging.swift */; };
		14E179D3243DACF300937C49 /* Design.swift in Sources */ = {isa = PBXBuildFile; fileRef = 14AA9C8524387B2900842A27 /* Design.swift */; };
		14E179D4243DACF300937C49 /* SpriteCategory.swift in Sources */ = {isa = PBXBuildFile; fileRef = 1471669C241C4A3700E75D98 /* SpriteCategory.swift */; };
		14E179D9243DACF300937C49 /* SKCodableColor.swift in Sources */ = {isa = PBXBuildFile; fileRef = 14D85596243C376B003883FB /* SKCodableColor.swift */; };
		14E179DA243DACF300937C49 /* SKExtensions.swift in Sources */ = {isa = PBXBuildFile; fileRef = 14AA9C8D243888F100842A27 /* SKExtensions.swift */; };
		14E179DB243DACF300937C49 /* CGExtensions.swift in Sources */ = {isa = PBXBuildFile; fileRef = 145845F424208BEA00B0B922 /* CGExtensions.swift */; };
		14E179DC243DACF300937C49 /* CircleRenderer.swift in Sources */ = {isa = PBXBuildFile; fileRef = 14AA9C912438943E00842A27 /* CircleRenderer.swift */; };
/* End PBXBuildFile section */

/* Begin PBXContainerItemProxy section */
		1419B428243DAC5B00A74A63 /* PBXContainerItemProxy */ = {
			isa = PBXContainerItemProxy;
			containerPortal = 1400F96E241BF47C003BFED8 /* Project object */;
			proxyType = 1;
			remoteGlobalIDString = 1400F99D241BF47D003BFED8;
			remoteInfo = "Untitled Space Game macOS";
		};
/* End PBXContainerItemProxy section */

/* Begin PBXFileReference section */
		1400F975241BF47C003BFED8 /* GameScene.swift */ = {isa = PBXFileReference; lastKnownFileType = sourcecode.swift; path = GameScene.swift; sourceTree = "<group>"; };
		1400F976241BF47D003BFED8 /* Assets.xcassets */ = {isa = PBXFileReference; lastKnownFileType = folder.assetcatalog; path = Assets.xcassets; sourceTree = "<group>"; };
		1400F97B241BF47D003BFED8 /* Gravity Putt.app */ = {isa = PBXFileReference; explicitFileType = wrapper.application; includeInIndex = 0; path = "Gravity Putt.app"; sourceTree = BUILT_PRODUCTS_DIR; };
		1400F97E241BF47D003BFED8 /* AppDelegate.swift */ = {isa = PBXFileReference; lastKnownFileType = sourcecode.swift; path = AppDelegate.swift; sourceTree = "<group>"; };
		1400F980241BF47D003BFED8 /* GameViewController.swift */ = {isa = PBXFileReference; lastKnownFileType = sourcecode.swift; path = GameViewController.swift; sourceTree = "<group>"; };
		1400F986241BF47D003BFED8 /* Base */ = {isa = PBXFileReference; lastKnownFileType = file.storyboard; name = Base; path = Base.lproj/LaunchScreen.storyboard; sourceTree = "<group>"; };
		1400F988241BF47D003BFED8 /* Info.plist */ = {isa = PBXFileReference; lastKnownFileType = text.plist.xml; path = Info.plist; sourceTree = "<group>"; };
		1400F98D241BF47D003BFED8 /* Gravity Putt.app */ = {isa = PBXFileReference; explicitFileType = wrapper.application; includeInIndex = 0; path = "Gravity Putt.app"; sourceTree = BUILT_PRODUCTS_DIR; };
		1400F98F241BF47D003BFED8 /* AppDelegate.swift */ = {isa = PBXFileReference; lastKnownFileType = sourcecode.swift; path = AppDelegate.swift; sourceTree = "<group>"; };
		1400F991241BF47D003BFED8 /* GameViewController.swift */ = {isa = PBXFileReference; lastKnownFileType = sourcecode.swift; path = GameViewController.swift; sourceTree = "<group>"; };
		1400F997241BF47D003BFED8 /* Base */ = {isa = PBXFileReference; lastKnownFileType = file.storyboard; name = Base; path = Base.lproj/LaunchScreen.storyboard; sourceTree = "<group>"; };
		1400F999241BF47D003BFED8 /* Info.plist */ = {isa = PBXFileReference; lastKnownFileType = text.plist.xml; path = Info.plist; sourceTree = "<group>"; };
		1400F99E241BF47D003BFED8 /* Gravity Putt.app */ = {isa = PBXFileReference; explicitFileType = wrapper.application; includeInIndex = 0; path = "Gravity Putt.app"; sourceTree = BUILT_PRODUCTS_DIR; };
		1400F9A0241BF47D003BFED8 /* AppDelegate.swift */ = {isa = PBXFileReference; lastKnownFileType = sourcecode.swift; path = AppDelegate.swift; sourceTree = "<group>"; };
		1400F9A2241BF47D003BFED8 /* GameViewController.swift */ = {isa = PBXFileReference; lastKnownFileType = sourcecode.swift; path = GameViewController.swift; sourceTree = "<group>"; };
		1400F9A5241BF47D003BFED8 /* Base */ = {isa = PBXFileReference; lastKnownFileType = file.storyboard; name = Base; path = Base.lproj/Main.storyboard; sourceTree = "<group>"; };
		1400F9A7241BF47D003BFED8 /* Info.plist */ = {isa = PBXFileReference; lastKnownFileType = text.plist.xml; path = Info.plist; sourceTree = "<group>"; };
		140266F02431F29800EF4AA8 /* ZPosition.swift */ = {isa = PBXFileReference; lastKnownFileType = sourcecode.swift; path = ZPosition.swift; sourceTree = "<group>"; };
		14078744243B23FA00A8B80B /* GameScene+Depth.swift */ = {isa = PBXFileReference; lastKnownFileType = sourcecode.swift; path = "GameScene+Depth.swift"; sourceTree = "<group>"; };
		140AE9D624430E7400A8925B /* Space Golf.entitlements */ = {isa = PBXFileReference; lastKnownFileType = text.plist.entitlements; path = "Space Golf.entitlements"; sourceTree = "<group>"; };
		1419B423243DAC5B00A74A63 /* Space Golf Tests.xctest */ = {isa = PBXFileReference; explicitFileType = wrapper.cfbundle; includeInIndex = 0; path = "Space Golf Tests.xctest"; sourceTree = BUILT_PRODUCTS_DIR; };
		1419B425243DAC5B00A74A63 /* GameTests.swift */ = {isa = PBXFileReference; lastKnownFileType = sourcecode.swift; path = GameTests.swift; sourceTree = "<group>"; };
		1419B427243DAC5B00A74A63 /* Info.plist */ = {isa = PBXFileReference; lastKnownFileType = text.plist.xml; path = Info.plist; sourceTree = "<group>"; };
		1423A15A243EA4CA00E085D9 /* HoleStat.swift */ = {isa = PBXFileReference; lastKnownFileType = sourcecode.swift; path = HoleStat.swift; sourceTree = "<group>"; };
		1423A15E243EAF3300E085D9 /* GameStats.swift */ = {isa = PBXFileReference; lastKnownFileType = sourcecode.swift; path = GameStats.swift; sourceTree = "<group>"; };
		1423A162243EB19200E085D9 /* SaveUtility.swift */ = {isa = PBXFileReference; lastKnownFileType = sourcecode.swift; path = SaveUtility.swift; sourceTree = "<group>"; };
		1423A16A243EB81200E085D9 /* StarTextureCreator.swift */ = {isa = PBXFileReference; fileEncoding = 4; lastKnownFileType = sourcecode.swift; path = StarTextureCreator.swift; sourceTree = "<group>"; };
		1423A16E243EB84400E085D9 /* SKCircleRect.swift */ = {isa = PBXFileReference; lastKnownFileType = sourcecode.swift; path = SKCircleRect.swift; sourceTree = "<group>"; };
		1430446C24341C91007B1992 /* LevelNode.swift */ = {isa = PBXFileReference; lastKnownFileType = sourcecode.swift; path = LevelNode.swift; sourceTree = "<group>"; };
		145845F224207E8F00B0B922 /* GameScene+Input.swift */ = {isa = PBXFileReference; lastKnownFileType = sourcecode.swift; path = "GameScene+Input.swift"; sourceTree = "<group>"; };
		145845F424208BEA00B0B922 /* CGExtensions.swift */ = {isa = PBXFileReference; lastKnownFileType = sourcecode.swift; path = CGExtensions.swift; sourceTree = "<group>"; };
		1471668C241C49DA00E75D98 /* Player.swift */ = {isa = PBXFileReference; lastKnownFileType = sourcecode.swift; path = Player.swift; sourceTree = "<group>"; };
		14716690241C49EA00E75D98 /* Planet.swift */ = {isa = PBXFileReference; lastKnownFileType = sourcecode.swift; path = Planet.swift; sourceTree = "<group>"; };
		14716694241C4A0500E75D98 /* Goal.swift */ = {isa = PBXFileReference; lastKnownFileType = sourcecode.swift; path = Goal.swift; sourceTree = "<group>"; };
		14716698241C4A1600E75D98 /* AimAssist.swift */ = {isa = PBXFileReference; lastKnownFileType = sourcecode.swift; path = AimAssist.swift; sourceTree = "<group>"; };
		1471669C241C4A3700E75D98 /* SpriteCategory.swift */ = {isa = PBXFileReference; lastKnownFileType = sourcecode.swift; path = SpriteCategory.swift; sourceTree = "<group>"; };
		148FF741243FCC8C007073B5 /* LeaderboardUtility.swift */ = {isa = PBXFileReference; lastKnownFileType = sourcecode.swift; path = LeaderboardUtility.swift; sourceTree = "<group>"; };
		148FF745244130B4007073B5 /* LeaderboardButton.swift */ = {isa = PBXFileReference; lastKnownFileType = sourcecode.swift; name = LeaderboardButton.swift; path = "Space Golf Shared/Nodes/LeaderboardButton.swift"; sourceTree = SOURCE_ROOT; };
		14AA9C8124387B1D00842A27 /* Debugging.swift */ = {isa = PBXFileReference; lastKnownFileType = sourcecode.swift; path = Debugging.swift; sourceTree = "<group>"; };
		14AA9C8524387B2900842A27 /* Design.swift */ = {isa = PBXFileReference; lastKnownFileType = sourcecode.swift; path = Design.swift; sourceTree = "<group>"; };
		14AA9C89243885A400842A27 /* AppKitContextRenderer.swift */ = {isa = PBXFileReference; lastKnownFileType = sourcecode.swift; path = AppKitContextRenderer.swift; sourceTree = "<group>"; };
		14AA9C8D243888F100842A27 /* SKExtensions.swift */ = {isa = PBXFileReference; lastKnownFileType = sourcecode.swift; path = SKExtensions.swift; sourceTree = "<group>"; };
		14AA9C912438943E00842A27 /* CircleRenderer.swift */ = {isa = PBXFileReference; lastKnownFileType = sourcecode.swift; path = CircleRenderer.swift; sourceTree = "<group>"; };
		14AA9C992439617900842A27 /* GameScene+ContactDelegate.swift */ = {isa = PBXFileReference; lastKnownFileType = sourcecode.swift; path = "GameScene+ContactDelegate.swift"; sourceTree = "<group>"; };
		14AC4AEC243F11FB000F6D3C /* PlanetShader.fsh */ = {isa = PBXFileReference; lastKnownFileType = sourcecode.glsl; path = PlanetShader.fsh; sourceTree = "<group>"; };
		14AC4AF32440D937000F6D3C /* GameKit.framework */ = {isa = PBXFileReference; lastKnownFileType = wrapper.framework; name = GameKit.framework; path = System/Library/Frameworks/GameKit.framework; sourceTree = SDKROOT; };
		14AC4AF52440F56E000F6D3C /* HapticsUtility.swift */ = {isa = PBXFileReference; lastKnownFileType = sourcecode.swift; path = HapticsUtility.swift; sourceTree = "<group>"; };
		14B572792428B5A8006F85FE /* StarDepthNode.swift */ = {isa = PBXFileReference; lastKnownFileType = sourcecode.swift; path = StarDepthNode.swift; sourceTree = "<group>"; };
		14D85596243C376B003883FB /* SKCodableColor.swift */ = {isa = PBXFileReference; lastKnownFileType = sourcecode.swift; path = SKCodableColor.swift; sourceTree = "<group>"; };
/* End PBXFileReference section */

/* Begin PBXFrameworksBuildPhase section */
		1400F978241BF47D003BFED8 /* Frameworks */ = {
			isa = PBXFrameworksBuildPhase;
			buildActionMask = 2147483647;
			files = (
			);
			runOnlyForDeploymentPostprocessing = 0;
		};
		1400F98A241BF47D003BFED8 /* Frameworks */ = {
			isa = PBXFrameworksBuildPhase;
			buildActionMask = 2147483647;
			files = (
			);
			runOnlyForDeploymentPostprocessing = 0;
		};
		1400F99B241BF47D003BFED8 /* Frameworks */ = {
			isa = PBXFrameworksBuildPhase;
			buildActionMask = 2147483647;
			files = (
				14AC4AF42440D937000F6D3C /* GameKit.framework in Frameworks */,
			);
			runOnlyForDeploymentPostprocessing = 0;
		};
		1419B420243DAC5B00A74A63 /* Frameworks */ = {
			isa = PBXFrameworksBuildPhase;
			buildActionMask = 2147483647;
			files = (
			);
			runOnlyForDeploymentPostprocessing = 0;
		};
/* End PBXFrameworksBuildPhase section */

/* Begin PBXGroup section */
		1400F96D241BF47C003BFED8 = {
			isa = PBXGroup;
			children = (
				1400F972241BF47C003BFED8 /* Space Golf Shared */,
				1400F97D241BF47D003BFED8 /* Space Golf iOS */,
				1400F98E241BF47D003BFED8 /* Space Golf tvOS */,
				1400F99F241BF47D003BFED8 /* Space Golf macOS */,
				1419B424243DAC5B00A74A63 /* Space Golf Tests */,
				1400F97C241BF47D003BFED8 /* Products */,
				14AC4AF22440D937000F6D3C /* Frameworks */,
			);
			sourceTree = "<group>";
		};
		1400F972241BF47C003BFED8 /* Space Golf Shared */ = {
			isa = PBXGroup;
			children = (
				1423A168243EB66800E085D9 /* GameScene */,
				1423A166243EB63A00E085D9 /* Nodes */,
				1423A169243EB7E900E085D9 /* Rendering */,
				1423A173243EB87100E085D9 /* Defines */,
				1423A167243EB64E00E085D9 /* Utils */,
				1423A172243EB86400E085D9 /* Common */,
				1400F976241BF47D003BFED8 /* Assets.xcassets */,
			);
			path = "Space Golf Shared";
			sourceTree = "<group>";
		};
		1400F97C241BF47D003BFED8 /* Products */ = {
			isa = PBXGroup;
			children = (
				1400F97B241BF47D003BFED8 /* Gravity Putt.app */,
				1400F98D241BF47D003BFED8 /* Gravity Putt.app */,
				1400F99E241BF47D003BFED8 /* Gravity Putt.app */,
				1419B423243DAC5B00A74A63 /* Space Golf Tests.xctest */,
			);
			name = Products;
			sourceTree = "<group>";
		};
		1400F97D241BF47D003BFED8 /* Space Golf iOS */ = {
			isa = PBXGroup;
			children = (
				1400F97E241BF47D003BFED8 /* AppDelegate.swift */,
				1400F980241BF47D003BFED8 /* GameViewController.swift */,
				1400F985241BF47D003BFED8 /* LaunchScreen.storyboard */,
				1400F988241BF47D003BFED8 /* Info.plist */,
			);
			path = "Space Golf iOS";
			sourceTree = "<group>";
		};
		1400F98E241BF47D003BFED8 /* Space Golf tvOS */ = {
			isa = PBXGroup;
			children = (
				1400F98F241BF47D003BFED8 /* AppDelegate.swift */,
				1400F991241BF47D003BFED8 /* GameViewController.swift */,
				1400F996241BF47D003BFED8 /* LaunchScreen.storyboard */,
				1400F999241BF47D003BFED8 /* Info.plist */,
			);
			path = "Space Golf tvOS";
			sourceTree = "<group>";
		};
		1400F99F241BF47D003BFED8 /* Space Golf macOS */ = {
			isa = PBXGroup;
			children = (
				140AE9D624430E7400A8925B /* Space Golf.entitlements */,
				1400F9A0241BF47D003BFED8 /* AppDelegate.swift */,
				1400F9A2241BF47D003BFED8 /* GameViewController.swift */,
				1400F9A4241BF47D003BFED8 /* Main.storyboard */,
				1400F9A7241BF47D003BFED8 /* Info.plist */,
			);
			path = "Space Golf macOS";
			sourceTree = "<group>";
		};
		1419B424243DAC5B00A74A63 /* Space Golf Tests */ = {
			isa = PBXGroup;
			children = (
				1419B425243DAC5B00A74A63 /* GameTests.swift */,
				1419B427243DAC5B00A74A63 /* Info.plist */,
			);
			path = "Space Golf Tests";
			sourceTree = "<group>";
		};
		1423A166243EB63A00E085D9 /* Nodes */ = {
			isa = PBXGroup;
			children = (
				14716698241C4A1600E75D98 /* AimAssist.swift */,
				14716694241C4A0500E75D98 /* Goal.swift */,
				148FF745244130B4007073B5 /* LeaderboardButton.swift */,
				1430446C24341C91007B1992 /* LevelNode.swift */,
				14716690241C49EA00E75D98 /* Planet.swift */,
				14AC4AEC243F11FB000F6D3C /* PlanetShader.fsh */,
				1471668C241C49DA00E75D98 /* Player.swift */,
				14B572792428B5A8006F85FE /* StarDepthNode.swift */,
			);
			path = Nodes;
			sourceTree = "<group>";
		};
		1423A167243EB64E00E085D9 /* Utils */ = {
			isa = PBXGroup;
			children = (
				1423A15A243EA4CA00E085D9 /* HoleStat.swift */,
				1423A15E243EAF3300E085D9 /* GameStats.swift */,
				1423A162243EB19200E085D9 /* SaveUtility.swift */,
				14AC4AF52440F56E000F6D3C /* HapticsUtility.swift */,
				148FF741243FCC8C007073B5 /* LeaderboardUtility.swift */,
			);
			path = Utils;
			sourceTree = "<group>";
		};
		1423A168243EB66800E085D9 /* GameScene */ = {
			isa = PBXGroup;
			children = (
				1400F975241BF47C003BFED8 /* GameScene.swift */,
				14AA9C992439617900842A27 /* GameScene+ContactDelegate.swift */,
				14078744243B23FA00A8B80B /* GameScene+Depth.swift */,
				145845F224207E8F00B0B922 /* GameScene+Input.swift */,
			);
			path = GameScene;
			sourceTree = "<group>";
		};
		1423A169243EB7E900E085D9 /* Rendering */ = {
			isa = PBXGroup;
			children = (
				14AA9C89243885A400842A27 /* AppKitContextRenderer.swift */,
				1423A16A243EB81200E085D9 /* StarTextureCreator.swift */,
				14AA9C912438943E00842A27 /* CircleRenderer.swift */,
			);
			path = Rendering;
			sourceTree = "<group>";
		};
		1423A172243EB86400E085D9 /* Common */ = {
			isa = PBXGroup;
			children = (
				145845F424208BEA00B0B922 /* CGExtensions.swift */,
				1423A16E243EB84400E085D9 /* SKCircleRect.swift */,
				14D85596243C376B003883FB /* SKCodableColor.swift */,
				14AA9C8D243888F100842A27 /* SKExtensions.swift */,
			);
			path = Common;
			sourceTree = "<group>";
		};
		1423A173243EB87100E085D9 /* Defines */ = {
			isa = PBXGroup;
			children = (
				14AA9C8124387B1D00842A27 /* Debugging.swift */,
				14AA9C8524387B2900842A27 /* Design.swift */,
				1471669C241C4A3700E75D98 /* SpriteCategory.swift */,
				140266F02431F29800EF4AA8 /* ZPosition.swift */,
			);
			path = Defines;
			sourceTree = "<group>";
		};
		14AC4AF22440D937000F6D3C /* Frameworks */ = {
			isa = PBXGroup;
			children = (
				14AC4AF32440D937000F6D3C /* GameKit.framework */,
			);
			name = Frameworks;
			sourceTree = "<group>";
		};
/* End PBXGroup section */

/* Begin PBXNativeTarget section */
		1400F97A241BF47D003BFED8 /* Space Golf iOS */ = {
			isa = PBXNativeTarget;
			buildConfigurationList = 1400F9B6241BF47D003BFED8 /* Build configuration list for PBXNativeTarget "Space Golf iOS" */;
			buildPhases = (
				1400F977241BF47D003BFED8 /* Sources */,
				1400F978241BF47D003BFED8 /* Frameworks */,
				1400F979241BF47D003BFED8 /* Resources */,
			);
			buildRules = (
			);
			dependencies = (
			);
			name = "Space Golf iOS";
			productName = "Untitled Space Game iOS";
			productReference = 1400F97B241BF47D003BFED8 /* Gravity Putt.app */;
			productType = "com.apple.product-type.application";
		};
		1400F98C241BF47D003BFED8 /* Space Golf tvOS */ = {
			isa = PBXNativeTarget;
			buildConfigurationList = 1400F9B9241BF47D003BFED8 /* Build configuration list for PBXNativeTarget "Space Golf tvOS" */;
			buildPhases = (
				1400F989241BF47D003BFED8 /* Sources */,
				1400F98A241BF47D003BFED8 /* Frameworks */,
				1400F98B241BF47D003BFED8 /* Resources */,
			);
			buildRules = (
			);
			dependencies = (
			);
			name = "Space Golf tvOS";
			productName = "Untitled Space Game tvOS";
			productReference = 1400F98D241BF47D003BFED8 /* Gravity Putt.app */;
			productType = "com.apple.product-type.application";
		};
		1400F99D241BF47D003BFED8 /* Space Golf macOS */ = {
			isa = PBXNativeTarget;
			buildConfigurationList = 1400F9BC241BF47D003BFED8 /* Build configuration list for PBXNativeTarget "Space Golf macOS" */;
			buildPhases = (
				1400F99A241BF47D003BFED8 /* Sources */,
				1400F99B241BF47D003BFED8 /* Frameworks */,
				1400F99C241BF47D003BFED8 /* Resources */,
			);
			buildRules = (
			);
			dependencies = (
			);
			name = "Space Golf macOS";
			productName = "Untitled Space Game macOS";
			productReference = 1400F99E241BF47D003BFED8 /* Gravity Putt.app */;
			productType = "com.apple.product-type.application";
		};
		1419B422243DAC5B00A74A63 /* Space Golf Tests */ = {
			isa = PBXNativeTarget;
			buildConfigurationList = 1419B42C243DAC5B00A74A63 /* Build configuration list for PBXNativeTarget "Space Golf Tests" */;
			buildPhases = (
				1419B41F243DAC5B00A74A63 /* Sources */,
				1419B420243DAC5B00A74A63 /* Frameworks */,
				1419B421243DAC5B00A74A63 /* Resources */,
			);
			buildRules = (
			);
			dependencies = (
				1419B429243DAC5B00A74A63 /* PBXTargetDependency */,
			);
			name = "Space Golf Tests";
			productName = GameTests;
			productReference = 1419B423243DAC5B00A74A63 /* Space Golf Tests.xctest */;
			productType = "com.apple.product-type.bundle.unit-test";
		};
/* End PBXNativeTarget section */

/* Begin PBXProject section */
		1400F96E241BF47C003BFED8 /* Project object */ = {
			isa = PBXProject;
			attributes = {
				LastSwiftUpdateCheck = 1140;
				LastUpgradeCheck = 1140;
				ORGANIZATIONNAME = "Andrew Finke";
				TargetAttributes = {
					1400F97A241BF47D003BFED8 = {
						CreatedOnToolsVersion = 11.3.1;
					};
					1400F98C241BF47D003BFED8 = {
						CreatedOnToolsVersion = 11.3.1;
					};
					1400F99D241BF47D003BFED8 = {
						CreatedOnToolsVersion = 11.3.1;
					};
					1419B422243DAC5B00A74A63 = {
						CreatedOnToolsVersion = 11.4;
						TestTargetID = 1400F99D241BF47D003BFED8;
					};
				};
			};
			buildConfigurationList = 1400F971241BF47C003BFED8 /* Build configuration list for PBXProject "Space Golf" */;
			compatibilityVersion = "Xcode 9.3";
			developmentRegion = en;
			hasScannedForEncodings = 0;
			knownRegions = (
				en,
				Base,
			);
			mainGroup = 1400F96D241BF47C003BFED8;
			productRefGroup = 1400F97C241BF47D003BFED8 /* Products */;
			projectDirPath = "";
			projectRoot = "";
			targets = (
				1400F97A241BF47D003BFED8 /* Space Golf iOS */,
				1400F98C241BF47D003BFED8 /* Space Golf tvOS */,
				1400F99D241BF47D003BFED8 /* Space Golf macOS */,
				1419B422243DAC5B00A74A63 /* Space Golf Tests */,
			);
		};
/* End PBXProject section */

/* Begin PBXResourcesBuildPhase section */
		1400F979241BF47D003BFED8 /* Resources */ = {
			isa = PBXResourcesBuildPhase;
			buildActionMask = 2147483647;
			files = (
				1400F987241BF47D003BFED8 /* LaunchScreen.storyboard in Resources */,
				14AC4AED243F11FB000F6D3C /* PlanetShader.fsh in Resources */,
				1400F9B1241BF47D003BFED8 /* Assets.xcassets in Resources */,
			);
			runOnlyForDeploymentPostprocessing = 0;
		};
		1400F98B241BF47D003BFED8 /* Resources */ = {
			isa = PBXResourcesBuildPhase;
			buildActionMask = 2147483647;
			files = (
				14AC4AEE243F11FB000F6D3C /* PlanetShader.fsh in Resources */,
				1400F998241BF47D003BFED8 /* LaunchScreen.storyboard in Resources */,
				1400F9B2241BF47D003BFED8 /* Assets.xcassets in Resources */,
			);
			runOnlyForDeploymentPostprocessing = 0;
		};
		1400F99C241BF47D003BFED8 /* Resources */ = {
			isa = PBXResourcesBuildPhase;
			buildActionMask = 2147483647;
			files = (
				1400F9A6241BF47D003BFED8 /* Main.storyboard in Resources */,
				14AC4AEF243F11FB000F6D3C /* PlanetShader.fsh in Resources */,
				1400F9B3241BF47D003BFED8 /* Assets.xcassets in Resources */,
			);
			runOnlyForDeploymentPostprocessing = 0;
		};
		1419B421243DAC5B00A74A63 /* Resources */ = {
			isa = PBXResourcesBuildPhase;
			buildActionMask = 2147483647;
			files = (
				14B67CB0244309270096604F /* PlanetShader.fsh in Resources */,
			);
			runOnlyForDeploymentPostprocessing = 0;
		};
/* End PBXResourcesBuildPhase section */

/* Begin PBXSourcesBuildPhase section */
		1400F977241BF47D003BFED8 /* Sources */ = {
			isa = PBXSourcesBuildPhase;
			buildActionMask = 2147483647;
			files = (
				1430446D24341C91007B1992 /* LevelNode.swift in Sources */,
				1423A16B243EB81200E085D9 /* StarTextureCreator.swift in Sources */,
				148FF74A244132DA007073B5 /* GameScene+Input.swift in Sources */,
				14AA9C8624387B2900842A27 /* Design.swift in Sources */,
				1471668D241C49DA00E75D98 /* Player.swift in Sources */,
				1400F9AE241BF47D003BFED8 /* GameScene.swift in Sources */,
				1423A163243EB19200E085D9 /* SaveUtility.swift in Sources */,
				1400F981241BF47D003BFED8 /* GameViewController.swift in Sources */,
				1423A16F243EB84400E085D9 /* SKCircleRect.swift in Sources */,
				1400F97F241BF47D003BFED8 /* AppDelegate.swift in Sources */,
				1423A15B243EA4CA00E085D9 /* HoleStat.swift in Sources */,
				145845F524208BEA00B0B922 /* CGExtensions.swift in Sources */,
				14AC4AF62440F56E000F6D3C /* HapticsUtility.swift in Sources */,
				14B5727A2428B5A8006F85FE /* StarDepthNode.swift in Sources */,
				14AA9C8224387B1D00842A27 /* Debugging.swift in Sources */,
				1471669D241C4A3700E75D98 /* SpriteCategory.swift in Sources */,
				14D85597243C376B003883FB /* SKCodableColor.swift in Sources */,
				140266F12431F29800EF4AA8 /* ZPosition.swift in Sources */,
				14716695241C4A0500E75D98 /* Goal.swift in Sources */,
				14AA9C8A243885A400842A27 /* AppKitContextRenderer.swift in Sources */,
				14AA9C922438943E00842A27 /* CircleRenderer.swift in Sources */,
				14078745243B23FA00A8B80B /* GameScene+Depth.swift in Sources */,
				148FF746244130B4007073B5 /* LeaderboardButton.swift in Sources */,
				14716691241C49EA00E75D98 /* Planet.swift in Sources */,
				14AA9C9A2439617900842A27 /* GameScene+ContactDelegate.swift in Sources */,
				14716699241C4A1600E75D98 /* AimAssist.swift in Sources */,
				14AA9C8E243888F100842A27 /* SKExtensions.swift in Sources */,
				148FF742243FCC8C007073B5 /* LeaderboardUtility.swift in Sources */,
				1423A15F243EAF3300E085D9 /* GameStats.swift in Sources */,
			);
			runOnlyForDeploymentPostprocessing = 0;
		};
		1400F989241BF47D003BFED8 /* Sources */ = {
			isa = PBXSourcesBuildPhase;
			buildActionMask = 2147483647;
			files = (
				1430446E24341C91007B1992 /* LevelNode.swift in Sources */,
				1423A16C243EB81200E085D9 /* StarTextureCreator.swift in Sources */,
				148FF749244132D9007073B5 /* GameScene+Input.swift in Sources */,
				14AA9C8724387B2900842A27 /* Design.swift in Sources */,
				1471668E241C49E000E75D98 /* Player.swift in Sources */,
				1400F9AF241BF47D003BFED8 /* GameScene.swift in Sources */,
				1423A164243EB19200E085D9 /* SaveUtility.swift in Sources */,
				1400F992241BF47D003BFED8 /* GameViewController.swift in Sources */,
				1423A170243EB84400E085D9 /* SKCircleRect.swift in Sources */,
				1400F990241BF47D003BFED8 /* AppDelegate.swift in Sources */,
				1423A15C243EA4CA00E085D9 /* HoleStat.swift in Sources */,
				145845F624208BEA00B0B922 /* CGExtensions.swift in Sources */,
				14AC4AF72440F56E000F6D3C /* HapticsUtility.swift in Sources */,
				14B5727B2428B5A8006F85FE /* StarDepthNode.swift in Sources */,
				14AA9C8324387B1D00842A27 /* Debugging.swift in Sources */,
				1471669E241C4A3700E75D98 /* SpriteCategory.swift in Sources */,
				14D85598243C376B003883FB /* SKCodableColor.swift in Sources */,
				140266F22431F29800EF4AA8 /* ZPosition.swift in Sources */,
				14716696241C4A0500E75D98 /* Goal.swift in Sources */,
				14AA9C8B243885A400842A27 /* AppKitContextRenderer.swift in Sources */,
				14AA9C932438943E00842A27 /* CircleRenderer.swift in Sources */,
				14078746243B23FA00A8B80B /* GameScene+Depth.swift in Sources */,
				148FF747244130B4007073B5 /* LeaderboardButton.swift in Sources */,
				14716693241C49EC00E75D98 /* Planet.swift in Sources */,
				14AA9C9B2439617900842A27 /* GameScene+ContactDelegate.swift in Sources */,
				1471669A241C4A1600E75D98 /* AimAssist.swift in Sources */,
				14AA9C8F243888F100842A27 /* SKExtensions.swift in Sources */,
				148FF743243FCC8C007073B5 /* LeaderboardUtility.swift in Sources */,
				1423A160243EAF3300E085D9 /* GameStats.swift in Sources */,
			);
			runOnlyForDeploymentPostprocessing = 0;
		};
		1400F99A241BF47D003BFED8 /* Sources */ = {
			isa = PBXSourcesBuildPhase;
			buildActionMask = 2147483647;
			files = (
				1430446F24341C91007B1992 /* LevelNode.swift in Sources */,
				1423A16D243EB81200E085D9 /* StarTextureCreator.swift in Sources */,
				14AA9C8824387B2900842A27 /* Design.swift in Sources */,
				145845F324207E8F00B0B922 /* GameScene+Input.swift in Sources */,
				1471668F241C49E000E75D98 /* Player.swift in Sources */,
				1423A165243EB19200E085D9 /* SaveUtility.swift in Sources */,
				1400F9B0241BF47D003BFED8 /* GameScene.swift in Sources */,
				1423A171243EB84400E085D9 /* SKCircleRect.swift in Sources */,
				1400F9A3241BF47D003BFED8 /* GameViewController.swift in Sources */,
				1423A15D243EA4CA00E085D9 /* HoleStat.swift in Sources */,
				145845F724208BEA00B0B922 /* CGExtensions.swift in Sources */,
				14AC4AF82440F56E000F6D3C /* HapticsUtility.swift in Sources */,
				14B5727C2428B5A8006F85FE /* StarDepthNode.swift in Sources */,
				14AA9C8424387B1D00842A27 /* Debugging.swift in Sources */,
				1400F9A1241BF47D003BFED8 /* AppDelegate.swift in Sources */,
				14D85599243C376B003883FB /* SKCodableColor.swift in Sources */,
				140266F32431F29800EF4AA8 /* ZPosition.swift in Sources */,
				1471669F241C4A3700E75D98 /* SpriteCategory.swift in Sources */,
				14AA9C8C243885A400842A27 /* AppKitContextRenderer.swift in Sources */,
				14AA9C942438943E00842A27 /* CircleRenderer.swift in Sources */,
				14078747243B23FA00A8B80B /* GameScene+Depth.swift in Sources */,
				148FF748244130B4007073B5 /* LeaderboardButton.swift in Sources */,
				14716697241C4A0500E75D98 /* Goal.swift in Sources */,
				14AA9C9C2439617900842A27 /* GameScene+ContactDelegate.swift in Sources */,
				14716692241C49EC00E75D98 /* Planet.swift in Sources */,
				1471669B241C4A1600E75D98 /* AimAssist.swift in Sources */,
				14AA9C90243888F100842A27 /* SKExtensions.swift in Sources */,
				148FF744243FCC8C007073B5 /* LeaderboardUtility.swift in Sources */,
				1423A161243EAF3300E085D9 /* GameStats.swift in Sources */,
			);
			runOnlyForDeploymentPostprocessing = 0;
		};
		1419B41F243DAC5B00A74A63 /* Sources */ = {
			isa = PBXSourcesBuildPhase;
			buildActionMask = 2147483647;
			files = (
				14E179D3243DACF300937C49 /* Design.swift in Sources */,
				14E179CD243DACF300937C49 /* ZPosition.swift in Sources */,
				14E179C9243DACF300937C49 /* GameScene+ContactDelegate.swift in Sources */,
				148FF740243FB7A4007073B5 /* SKCircleRect.swift in Sources */,
				14E179DB243DACF300937C49 /* CGExtensions.swift in Sources */,
				148FF73F243FB799007073B5 /* SaveUtility.swift in Sources */,
				14B67CAC244309270096604F /* Goal.swift in Sources */,
				14E179DA243DACF300937C49 /* SKExtensions.swift in Sources */,
				148FF73A243FB705007073B5 /* StarTextureCreator.swift in Sources */,
				14B67CA82443090C0096604F /* HapticsUtility.swift in Sources */,
				14E179D2243DACF300937C49 /* Debugging.swift in Sources */,
				14B67CAB244309270096604F /* AimAssist.swift in Sources */,
				14B67CAD244309270096604F /* LeaderboardButton.swift in Sources */,
				14B67CB2244309270096604F /* StarDepthNode.swift in Sources */,
				14E179D9243DACF300937C49 /* SKCodableColor.swift in Sources */,
				148FF73D243FB74C007073B5 /* HoleStat.swift in Sources */,
				14E179D4243DACF300937C49 /* SpriteCategory.swift in Sources */,
				14B67CAE244309270096604F /* LevelNode.swift in Sources */,
				14E179CA243DACF300937C49 /* GameScene+Depth.swift in Sources */,
				14B67CB1244309270096604F /* Player.swift in Sources */,
				14E179DC243DACF300937C49 /* CircleRenderer.swift in Sources */,
				14E179D0243DACF300937C49 /* AppKitContextRenderer.swift in Sources */,
				14E179C7243DACF300937C49 /* GameScene.swift in Sources */,
				14B67CA92443090C0096604F /* LeaderboardUtility.swift in Sources */,
				148FF73E243FB74F007073B5 /* GameStats.swift in Sources */,
				1419B426243DAC5B00A74A63 /* GameTests.swift in Sources */,
				14B67CAF244309270096604F /* Planet.swift in Sources */,
			);
			runOnlyForDeploymentPostprocessing = 0;
		};
/* End PBXSourcesBuildPhase section */

/* Begin PBXTargetDependency section */
		1419B429243DAC5B00A74A63 /* PBXTargetDependency */ = {
			isa = PBXTargetDependency;
			target = 1400F99D241BF47D003BFED8 /* Space Golf macOS */;
			targetProxy = 1419B428243DAC5B00A74A63 /* PBXContainerItemProxy */;
		};
/* End PBXTargetDependency section */

/* Begin PBXVariantGroup section */
		1400F985241BF47D003BFED8 /* LaunchScreen.storyboard */ = {
			isa = PBXVariantGroup;
			children = (
				1400F986241BF47D003BFED8 /* Base */,
			);
			name = LaunchScreen.storyboard;
			sourceTree = "<group>";
		};
		1400F996241BF47D003BFED8 /* LaunchScreen.storyboard */ = {
			isa = PBXVariantGroup;
			children = (
				1400F997241BF47D003BFED8 /* Base */,
			);
			name = LaunchScreen.storyboard;
			sourceTree = "<group>";
		};
		1400F9A4241BF47D003BFED8 /* Main.storyboard */ = {
			isa = PBXVariantGroup;
			children = (
				1400F9A5241BF47D003BFED8 /* Base */,
			);
			name = Main.storyboard;
			sourceTree = "<group>";
		};
/* End PBXVariantGroup section */

/* Begin XCBuildConfiguration section */
		1400F9B4241BF47D003BFED8 /* Debug */ = {
			isa = XCBuildConfiguration;
			buildSettings = {
				ALWAYS_SEARCH_USER_PATHS = NO;
				CLANG_ANALYZER_NONNULL = YES;
				CLANG_ANALYZER_NUMBER_OBJECT_CONVERSION = YES_AGGRESSIVE;
				CLANG_CXX_LANGUAGE_STANDARD = "gnu++14";
				CLANG_CXX_LIBRARY = "libc++";
				CLANG_ENABLE_MODULES = YES;
				CLANG_ENABLE_OBJC_ARC = YES;
				CLANG_ENABLE_OBJC_WEAK = YES;
				CLANG_WARN_BLOCK_CAPTURE_AUTORELEASING = YES;
				CLANG_WARN_BOOL_CONVERSION = YES;
				CLANG_WARN_COMMA = YES;
				CLANG_WARN_CONSTANT_CONVERSION = YES;
				CLANG_WARN_DEPRECATED_OBJC_IMPLEMENTATIONS = YES;
				CLANG_WARN_DIRECT_OBJC_ISA_USAGE = YES_ERROR;
				CLANG_WARN_DOCUMENTATION_COMMENTS = YES;
				CLANG_WARN_EMPTY_BODY = YES;
				CLANG_WARN_ENUM_CONVERSION = YES;
				CLANG_WARN_INFINITE_RECURSION = YES;
				CLANG_WARN_INT_CONVERSION = YES;
				CLANG_WARN_NON_LITERAL_NULL_CONVERSION = YES;
				CLANG_WARN_OBJC_IMPLICIT_RETAIN_SELF = YES;
				CLANG_WARN_OBJC_LITERAL_CONVERSION = YES;
				CLANG_WARN_OBJC_ROOT_CLASS = YES_ERROR;
				CLANG_WARN_RANGE_LOOP_ANALYSIS = YES;
				CLANG_WARN_STRICT_PROTOTYPES = YES;
				CLANG_WARN_SUSPICIOUS_MOVE = YES;
				CLANG_WARN_UNGUARDED_AVAILABILITY = YES_AGGRESSIVE;
				CLANG_WARN_UNREACHABLE_CODE = YES;
				CLANG_WARN__DUPLICATE_METHOD_MATCH = YES;
				COPY_PHASE_STRIP = NO;
				DEBUG_INFORMATION_FORMAT = dwarf;
				ENABLE_STRICT_OBJC_MSGSEND = YES;
				ENABLE_TESTABILITY = YES;
				GCC_C_LANGUAGE_STANDARD = gnu11;
				GCC_DYNAMIC_NO_PIC = NO;
				GCC_NO_COMMON_BLOCKS = YES;
				GCC_OPTIMIZATION_LEVEL = 0;
				GCC_PREPROCESSOR_DEFINITIONS = (
					"DEBUG=1",
					"$(inherited)",
				);
				GCC_WARN_64_TO_32_BIT_CONVERSION = YES;
				GCC_WARN_ABOUT_RETURN_TYPE = YES_ERROR;
				GCC_WARN_UNDECLARED_SELECTOR = YES;
				GCC_WARN_UNINITIALIZED_AUTOS = YES_AGGRESSIVE;
				GCC_WARN_UNUSED_FUNCTION = YES;
				GCC_WARN_UNUSED_VARIABLE = YES;
				MTL_ENABLE_DEBUG_INFO = INCLUDE_SOURCE;
				MTL_FAST_MATH = YES;
				ONLY_ACTIVE_ARCH = YES;
				SWIFT_ACTIVE_COMPILATION_CONDITIONS = DEBUG;
				SWIFT_OPTIMIZATION_LEVEL = "-Onone";
			};
			name = Debug;
		};
		1400F9B5241BF47D003BFED8 /* Release */ = {
			isa = XCBuildConfiguration;
			buildSettings = {
				ALWAYS_SEARCH_USER_PATHS = NO;
				CLANG_ANALYZER_NONNULL = YES;
				CLANG_ANALYZER_NUMBER_OBJECT_CONVERSION = YES_AGGRESSIVE;
				CLANG_CXX_LANGUAGE_STANDARD = "gnu++14";
				CLANG_CXX_LIBRARY = "libc++";
				CLANG_ENABLE_MODULES = YES;
				CLANG_ENABLE_OBJC_ARC = YES;
				CLANG_ENABLE_OBJC_WEAK = YES;
				CLANG_WARN_BLOCK_CAPTURE_AUTORELEASING = YES;
				CLANG_WARN_BOOL_CONVERSION = YES;
				CLANG_WARN_COMMA = YES;
				CLANG_WARN_CONSTANT_CONVERSION = YES;
				CLANG_WARN_DEPRECATED_OBJC_IMPLEMENTATIONS = YES;
				CLANG_WARN_DIRECT_OBJC_ISA_USAGE = YES_ERROR;
				CLANG_WARN_DOCUMENTATION_COMMENTS = YES;
				CLANG_WARN_EMPTY_BODY = YES;
				CLANG_WARN_ENUM_CONVERSION = YES;
				CLANG_WARN_INFINITE_RECURSION = YES;
				CLANG_WARN_INT_CONVERSION = YES;
				CLANG_WARN_NON_LITERAL_NULL_CONVERSION = YES;
				CLANG_WARN_OBJC_IMPLICIT_RETAIN_SELF = YES;
				CLANG_WARN_OBJC_LITERAL_CONVERSION = YES;
				CLANG_WARN_OBJC_ROOT_CLASS = YES_ERROR;
				CLANG_WARN_RANGE_LOOP_ANALYSIS = YES;
				CLANG_WARN_STRICT_PROTOTYPES = YES;
				CLANG_WARN_SUSPICIOUS_MOVE = YES;
				CLANG_WARN_UNGUARDED_AVAILABILITY = YES_AGGRESSIVE;
				CLANG_WARN_UNREACHABLE_CODE = YES;
				CLANG_WARN__DUPLICATE_METHOD_MATCH = YES;
				COPY_PHASE_STRIP = NO;
				DEBUG_INFORMATION_FORMAT = "dwarf-with-dsym";
				ENABLE_NS_ASSERTIONS = NO;
				ENABLE_STRICT_OBJC_MSGSEND = YES;
				GCC_C_LANGUAGE_STANDARD = gnu11;
				GCC_NO_COMMON_BLOCKS = YES;
				GCC_WARN_64_TO_32_BIT_CONVERSION = YES;
				GCC_WARN_ABOUT_RETURN_TYPE = YES_ERROR;
				GCC_WARN_UNDECLARED_SELECTOR = YES;
				GCC_WARN_UNINITIALIZED_AUTOS = YES_AGGRESSIVE;
				GCC_WARN_UNUSED_FUNCTION = YES;
				GCC_WARN_UNUSED_VARIABLE = YES;
				MTL_ENABLE_DEBUG_INFO = NO;
				MTL_FAST_MATH = YES;
				SWIFT_COMPILATION_MODE = wholemodule;
				SWIFT_OPTIMIZATION_LEVEL = "-O";
			};
			name = Release;
		};
		1400F9B7241BF47D003BFED8 /* Debug */ = {
			isa = XCBuildConfiguration;
			buildSettings = {
				ASSETCATALOG_COMPILER_APPICON_NAME = AppIcon;
				CODE_SIGN_STYLE = Automatic;
				CURRENT_PROJECT_VERSION = 2020.04.09;
				DEVELOPMENT_TEAM = 72S993BNAV;
				INFOPLIST_FILE = "$(SRCROOT)/Space Golf iOS/Info.plist";
				IPHONEOS_DEPLOYMENT_TARGET = 13.1;
				LD_RUNPATH_SEARCH_PATHS = (
					"$(inherited)",
					"@executable_path/Frameworks",
				);
				MARKETING_VERSION = 2020.04;
				PRODUCT_BUNDLE_IDENTIFIER = com.andrewfinke.space.golf;
				PRODUCT_NAME = "Gravity Putt";
				SDKROOT = iphoneos;
				SWIFT_VERSION = 5.0;
				TARGETED_DEVICE_FAMILY = "1,2";
			};
			name = Debug;
		};
		1400F9B8241BF47D003BFED8 /* Release */ = {
			isa = XCBuildConfiguration;
			buildSettings = {
				ASSETCATALOG_COMPILER_APPICON_NAME = AppIcon;
				CODE_SIGN_STYLE = Automatic;
				CURRENT_PROJECT_VERSION = 2020.04.09;
				DEVELOPMENT_TEAM = 72S993BNAV;
				INFOPLIST_FILE = "$(SRCROOT)/Space Golf iOS/Info.plist";
				IPHONEOS_DEPLOYMENT_TARGET = 13.1;
				LD_RUNPATH_SEARCH_PATHS = (
					"$(inherited)",
					"@executable_path/Frameworks",
				);
				MARKETING_VERSION = 2020.04;
				PRODUCT_BUNDLE_IDENTIFIER = com.andrewfinke.space.golf;
				PRODUCT_NAME = "Gravity Putt";
				SDKROOT = iphoneos;
				SWIFT_VERSION = 5.0;
				TARGETED_DEVICE_FAMILY = "1,2";
				VALIDATE_PRODUCT = YES;
			};
			name = Release;
		};
		1400F9BA241BF47D003BFED8 /* Debug */ = {
			isa = XCBuildConfiguration;
			buildSettings = {
				ASSETCATALOG_COMPILER_APPICON_NAME = "tvOS App Icon & Top Shelf Image";
				CODE_SIGN_STYLE = Automatic;
				CURRENT_PROJECT_VERSION = 2020.04.09;
				DEVELOPMENT_TEAM = 72S993BNAV;
				INFOPLIST_FILE = "Space Golf tvOS/Info.plist";
				LD_RUNPATH_SEARCH_PATHS = (
					"$(inherited)",
					"@executable_path/Frameworks",
				);
				MARKETING_VERSION = 2020.04;
				PRODUCT_BUNDLE_IDENTIFIER = com.andrewfinke.space.golf;
				PRODUCT_NAME = "Gravity Putt";
				SDKROOT = appletvos;
				SWIFT_VERSION = 5.0;
				TARGETED_DEVICE_FAMILY = 3;
				TVOS_DEPLOYMENT_TARGET = 13.1;
			};
			name = Debug;
		};
		1400F9BB241BF47D003BFED8 /* Release */ = {
			isa = XCBuildConfiguration;
			buildSettings = {
				ASSETCATALOG_COMPILER_APPICON_NAME = "tvOS App Icon & Top Shelf Image";
				CODE_SIGN_STYLE = Automatic;
				CURRENT_PROJECT_VERSION = 2020.04.09;
				DEVELOPMENT_TEAM = 72S993BNAV;
				INFOPLIST_FILE = "Space Golf tvOS/Info.plist";
				LD_RUNPATH_SEARCH_PATHS = (
					"$(inherited)",
					"@executable_path/Frameworks",
				);
				MARKETING_VERSION = 2020.04;
				PRODUCT_BUNDLE_IDENTIFIER = com.andrewfinke.space.golf;
				PRODUCT_NAME = "Gravity Putt";
				SDKROOT = appletvos;
				SWIFT_VERSION = 5.0;
				TARGETED_DEVICE_FAMILY = 3;
				TVOS_DEPLOYMENT_TARGET = 13.1;
				VALIDATE_PRODUCT = YES;
			};
			name = Release;
		};
		1400F9BD241BF47D003BFED8 /* Debug */ = {
			isa = XCBuildConfiguration;
			buildSettings = {
				ASSETCATALOG_COMPILER_APPICON_NAME = AppIcon;
				CODE_SIGN_ENTITLEMENTS = "Space Golf macOS/Space Golf.entitlements";
				CODE_SIGN_IDENTITY = "Apple Development";
				CODE_SIGN_STYLE = Automatic;
				COMBINE_HIDPI_IMAGES = YES;
				CURRENT_PROJECT_VERSION = 2020.04.09;
				DEVELOPMENT_TEAM = 72S993BNAV;
				ENABLE_HARDENED_RUNTIME = YES;
				INFOPLIST_FILE = "Space Golf macOS/Info.plist";
				LD_RUNPATH_SEARCH_PATHS = (
					"$(inherited)",
					"@executable_path/../Frameworks",
				);
				MACOSX_DEPLOYMENT_TARGET = 10.15;
				MARKETING_VERSION = 2020.04;
				OTHER_SWIFT_FLAGS = "-Xfrontend -debug-time-function-bodies";
				PRODUCT_BUNDLE_IDENTIFIER = com.andrewfinke.space.golf;
				PRODUCT_NAME = "Gravity Putt";
				SDKROOT = macosx;
				SWIFT_VERSION = 5.0;
			};
			name = Debug;
		};
		1400F9BE241BF47D003BFED8 /* Release */ = {
			isa = XCBuildConfiguration;
			buildSettings = {
				ASSETCATALOG_COMPILER_APPICON_NAME = AppIcon;
				CODE_SIGN_ENTITLEMENTS = "Space Golf macOS/Space Golf.entitlements";
				CODE_SIGN_IDENTITY = "Apple Development";
				CODE_SIGN_STYLE = Automatic;
				COMBINE_HIDPI_IMAGES = YES;
				CURRENT_PROJECT_VERSION = 2020.04.09;
				DEVELOPMENT_TEAM = 72S993BNAV;
				ENABLE_HARDENED_RUNTIME = YES;
				INFOPLIST_FILE = "Space Golf macOS/Info.plist";
				LD_RUNPATH_SEARCH_PATHS = (
					"$(inherited)",
					"@executable_path/../Frameworks",
				);
				MACOSX_DEPLOYMENT_TARGET = 10.15;
				MARKETING_VERSION = 2020.04;
				OTHER_SWIFT_FLAGS = "-Xfrontend -debug-time-function-bodies";
				PRODUCT_BUNDLE_IDENTIFIER = com.andrewfinke.space.golf;
				PRODUCT_NAME = "Gravity Putt";
				SDKROOT = macosx;
				SWIFT_VERSION = 5.0;
			};
			name = Release;
		};
		1419B42A243DAC5B00A74A63 /* Debug */ = {
			isa = XCBuildConfiguration;
			buildSettings = {
				BUNDLE_LOADER = "$(TEST_HOST)";
				CODE_SIGN_STYLE = Automatic;
				COMBINE_HIDPI_IMAGES = YES;
				DEVELOPMENT_TEAM = 72S993BNAV;
				INFOPLIST_FILE = "Space Golf Tests/Info.plist";
				LD_RUNPATH_SEARCH_PATHS = (
					"$(inherited)",
					"@executable_path/../Frameworks",
					"@loader_path/../Frameworks",
				);
				MACOSX_DEPLOYMENT_TARGET = 10.15;
				PRODUCT_BUNDLE_IDENTIFIER = com.andrewfinke.GameTests;
				PRODUCT_NAME = "$(TARGET_NAME)";
				SDKROOT = macosx;
				SWIFT_VERSION = 5.0;
				TEST_HOST = "$(BUILT_PRODUCTS_DIR)/Space Golf.app/Contents/MacOS/Space Golf";
			};
			name = Debug;
		};
		1419B42B243DAC5B00A74A63 /* Release */ = {
			isa = XCBuildConfiguration;
			buildSettings = {
				BUNDLE_LOADER = "$(TEST_HOST)";
				CODE_SIGN_STYLE = Automatic;
				COMBINE_HIDPI_IMAGES = YES;
				DEVELOPMENT_TEAM = 72S993BNAV;
				INFOPLIST_FILE = "Space Golf Tests/Info.plist";
				LD_RUNPATH_SEARCH_PATHS = (
					"$(inherited)",
					"@executable_path/../Frameworks",
					"@loader_path/../Frameworks",
				);
				MACOSX_DEPLOYMENT_TARGET = 10.15;
				PRODUCT_BUNDLE_IDENTIFIER = com.andrewfinke.GameTests;
				PRODUCT_NAME = "$(TARGET_NAME)";
				SDKROOT = macosx;
				SWIFT_VERSION = 5.0;
				TEST_HOST = "$(BUILT_PRODUCTS_DIR)/Space Golf.app/Contents/MacOS/Space Golf";
			};
			name = Release;
		};
/* End XCBuildConfiguration section */

/* Begin XCConfigurationList section */
		1400F971241BF47C003BFED8 /* Build configuration list for PBXProject "Space Golf" */ = {
			isa = XCConfigurationList;
			buildConfigurations = (
				1400F9B4241BF47D003BFED8 /* Debug */,
				1400F9B5241BF47D003BFED8 /* Release */,
			);
			defaultConfigurationIsVisible = 0;
			defaultConfigurationName = Release;
		};
		1400F9B6241BF47D003BFED8 /* Build configuration list for PBXNativeTarget "Space Golf iOS" */ = {
			isa = XCConfigurationList;
			buildConfigurations = (
				1400F9B7241BF47D003BFED8 /* Debug */,
				1400F9B8241BF47D003BFED8 /* Release */,
			);
			defaultConfigurationIsVisible = 0;
			defaultConfigurationName = Release;
		};
		1400F9B9241BF47D003BFED8 /* Build configuration list for PBXNativeTarget "Space Golf tvOS" */ = {
			isa = XCConfigurationList;
			buildConfigurations = (
				1400F9BA241BF47D003BFED8 /* Debug */,
				1400F9BB241BF47D003BFED8 /* Release */,
			);
			defaultConfigurationIsVisible = 0;
			defaultConfigurationName = Release;
		};
		1400F9BC241BF47D003BFED8 /* Build configuration list for PBXNativeTarget "Space Golf macOS" */ = {
			isa = XCConfigurationList;
			buildConfigurations = (
				1400F9BD241BF47D003BFED8 /* Debug */,
				1400F9BE241BF47D003BFED8 /* Release */,
			);
			defaultConfigurationIsVisible = 0;
			defaultConfigurationName = Release;
		};
		1419B42C243DAC5B00A74A63 /* Build configuration list for PBXNativeTarget "Space Golf Tests" */ = {
			isa = XCConfigurationList;
			buildConfigurations = (
				1419B42A243DAC5B00A74A63 /* Debug */,
				1419B42B243DAC5B00A74A63 /* Release */,
			);
			defaultConfigurationIsVisible = 0;
			defaultConfigurationName = Release;
		};
/* End XCConfigurationList section */
	};
	rootObject = 1400F96E241BF47C003BFED8 /* Project object */;
}
