// !$*UTF8*$!
{
	archiveVersion = 1;
	classes = {
	};
	objectVersion = 52;
	objects = {

/* Begin PBXBuildFile section */
		1400F97F241BF47D003BFED8 /* AppDelegate.swift in Sources */ = {isa = PBXBuildFile; fileRef = 1400F97E241BF47D003BFED8 /* AppDelegate.swift */; };
		1400F981241BF47D003BFED8 /* GameViewController.swift in Sources */ = {isa = PBXBuildFile; fileRef = 1400F980241BF47D003BFED8 /* GameViewController.swift */; };
		1400F987241BF47D003BFED8 /* LaunchScreen.storyboard in Resources */ = {isa = PBXBuildFile; fileRef = 1400F985241BF47D003BFED8 /* LaunchScreen.storyboard */; };
		1400F990241BF47D003BFED8 /* AppDelegate.swift in Sources */ = {isa = PBXBuildFile; fileRef = 1400F98F241BF47D003BFED8 /* AppDelegate.swift */; };
		1400F992241BF47D003BFED8 /* GameViewController.swift in Sources */ = {isa = PBXBuildFile; fileRef = 1400F991241BF47D003BFED8 /* GameViewController.swift */; };
		1400F998241BF47D003BFED8 /* LaunchScreen.storyboard in Resources */ = {isa = PBXBuildFile; fileRef = 1400F996241BF47D003BFED8 /* LaunchScreen.storyboard */; };
		1400F9A1241BF47D003BFED8 /* AppDelegate.swift in Sources */ = {isa = PBXBuildFile; fileRef = 1400F9A0241BF47D003BFED8 /* AppDelegate.swift */; };
		1400F9A3241BF47D003BFED8 /* GameViewController.swift in Sources */ = {isa = PBXBuildFile; fileRef = 1400F9A2241BF47D003BFED8 /* GameViewController.swift */; };
		1400F9A6241BF47D003BFED8 /* Main.storyboard in Resources */ = {isa = PBXBuildFile; fileRef = 1400F9A4241BF47D003BFED8 /* Main.storyboard */; };
		1419B426243DAC5B00A74A63 /* GameTests.swift in Sources */ = {isa = PBXBuildFile; fileRef = 1419B425243DAC5B00A74A63 /* GameTests.swift */; };
		1461FA5424442B3400ACE95D /* NSExtensions.swift in Sources */ = {isa = PBXBuildFile; fileRef = 1461FA5324442B3400ACE95D /* NSExtensions.swift */; };
		1461FA5524442B3400ACE95D /* NSExtensions.swift in Sources */ = {isa = PBXBuildFile; fileRef = 1461FA5324442B3400ACE95D /* NSExtensions.swift */; };
		1461FA5624442B3400ACE95D /* NSExtensions.swift in Sources */ = {isa = PBXBuildFile; fileRef = 1461FA5324442B3400ACE95D /* NSExtensions.swift */; };
		1461FA5724442B3400ACE95D /* NSExtensions.swift in Sources */ = {isa = PBXBuildFile; fileRef = 1461FA5324442B3400ACE95D /* NSExtensions.swift */; };
		149C263F2445246500270F8C /* Store.swift in Sources */ = {isa = PBXBuildFile; fileRef = 1460A5D424450F66003B6B28 /* Store.swift */; };
		149C26402445246500270F8C /* Store.swift in Sources */ = {isa = PBXBuildFile; fileRef = 1460A5D424450F66003B6B28 /* Store.swift */; };
		149C26412445246600270F8C /* Store.swift in Sources */ = {isa = PBXBuildFile; fileRef = 1460A5D424450F66003B6B28 /* Store.swift */; };
		149C26422445246600270F8C /* Store.swift in Sources */ = {isa = PBXBuildFile; fileRef = 1460A5D424450F66003B6B28 /* Store.swift */; };
		149C2644244527AC00270F8C /* UnlockLevelsNode.swift in Sources */ = {isa = PBXBuildFile; fileRef = 149C2643244527AC00270F8C /* UnlockLevelsNode.swift */; };
		149C2645244527AC00270F8C /* UnlockLevelsNode.swift in Sources */ = {isa = PBXBuildFile; fileRef = 149C2643244527AC00270F8C /* UnlockLevelsNode.swift */; };
		149C2646244527AC00270F8C /* UnlockLevelsNode.swift in Sources */ = {isa = PBXBuildFile; fileRef = 149C2643244527AC00270F8C /* UnlockLevelsNode.swift */; };
		149C2647244527AC00270F8C /* UnlockLevelsNode.swift in Sources */ = {isa = PBXBuildFile; fileRef = 149C2643244527AC00270F8C /* UnlockLevelsNode.swift */; };
		149C26492445382D00270F8C /* StoreKit.framework in Frameworks */ = {isa = PBXBuildFile; fileRef = 149C26482445382D00270F8C /* StoreKit.framework */; };
		149C264B2445383500270F8C /* StoreKit.framework in Frameworks */ = {isa = PBXBuildFile; fileRef = 149C264A2445383500270F8C /* StoreKit.framework */; };
		149C264D2445383A00270F8C /* StoreKit.framework in Frameworks */ = {isa = PBXBuildFile; fileRef = 149C264C2445383A00270F8C /* StoreKit.framework */; };
		149C266E24464B4E00270F8C /* GoogleUtilities.xcframework in Frameworks */ = {isa = PBXBuildFile; fileRef = 149C265924464B4E00270F8C /* GoogleUtilities.xcframework */; };
		149C267524464D9D00270F8C /* FirebaseCore.xcframework in Frameworks */ = {isa = PBXBuildFile; fileRef = 149C265524464B4E00270F8C /* FirebaseCore.xcframework */; };
		149C267624464DA400270F8C /* FIRAnalyticsConnector.framework in Frameworks */ = {isa = PBXBuildFile; fileRef = 149C265824464B4E00270F8C /* FIRAnalyticsConnector.framework */; };
		149C267724464DAF00270F8C /* FirebaseAnalytics.framework in Frameworks */ = {isa = PBXBuildFile; fileRef = 149C265224464B4E00270F8C /* FirebaseAnalytics.framework */; };
		149C267824464DB800270F8C /* GoogleAppMeasurement.framework in Frameworks */ = {isa = PBXBuildFile; fileRef = 149C265024464B4E00270F8C /* GoogleAppMeasurement.framework */; };
		149C267924464DBB00270F8C /* nanopb.xcframework in Frameworks */ = {isa = PBXBuildFile; fileRef = 149C264F24464B4E00270F8C /* nanopb.xcframework */; };
		149C267A24464DC500270F8C /* PromisesObjC.xcframework in Frameworks */ = {isa = PBXBuildFile; fileRef = 149C265124464B4E00270F8C /* PromisesObjC.xcframework */; };
		149C267B24464DCB00270F8C /* FirebaseCoreDiagnostics.xcframework in Frameworks */ = {isa = PBXBuildFile; fileRef = 149C265324464B4E00270F8C /* FirebaseCoreDiagnostics.xcframework */; };
		149C267C24464DCE00270F8C /* FirebaseInstallations.xcframework in Frameworks */ = {isa = PBXBuildFile; fileRef = 149C265424464B4E00270F8C /* FirebaseInstallations.xcframework */; };
		149C267E24464DF600270F8C /* GoogleDataTransportCCTSupport.xcframework in Frameworks */ = {isa = PBXBuildFile; fileRef = 149C265624464B4E00270F8C /* GoogleDataTransportCCTSupport.xcframework */; };
		149C267F24464DFA00270F8C /* GoogleDataTransport.xcframework in Frameworks */ = {isa = PBXBuildFile; fileRef = 149C265724464B4E00270F8C /* GoogleDataTransport.xcframework */; };
		149C268424464ECD00270F8C /* libz.tbd in Frameworks */ = {isa = PBXBuildFile; fileRef = 149C268224464EAC00270F8C /* libz.tbd */; };
		149C268524464ED700270F8C /* libsqlite3.tbd in Frameworks */ = {isa = PBXBuildFile; fileRef = 149C268324464EB400270F8C /* libsqlite3.tbd */; };
		149C268724464F7200270F8C /* GoogleService-Info.plist in Resources */ = {isa = PBXBuildFile; fileRef = 149C268624464F7200270F8C /* GoogleService-Info.plist */; };
		14AC4AF42440D937000F6D3C /* GameKit.framework in Frameworks */ = {isa = PBXBuildFile; fileRef = 14AC4AF32440D937000F6D3C /* GameKit.framework */; };
		14C4ADBD2446545900816A11 /* GravityPuttScreenshots_iOS.swift in Sources */ = {isa = PBXBuildFile; fileRef = 14C4ADBC2446545900816A11 /* GravityPuttScreenshots_iOS.swift */; };
		14C4ADD92446593900816A11 /* Debugging.swift in Sources */ = {isa = PBXBuildFile; fileRef = 14E12550244421B300D34DF5 /* Debugging.swift */; };
		14C4ADDA2446593900816A11 /* Design.swift in Sources */ = {isa = PBXBuildFile; fileRef = 14E12551244421B300D34DF5 /* Design.swift */; };
		14C4ADDB2446593900816A11 /* SpriteCategory.swift in Sources */ = {isa = PBXBuildFile; fileRef = 14E1254E244421B300D34DF5 /* SpriteCategory.swift */; };
		14C4ADDC2446593900816A11 /* ZPosition.swift in Sources */ = {isa = PBXBuildFile; fileRef = 14E1254F244421B300D34DF5 /* ZPosition.swift */; };
		14C4ADE924465AA800816A11 /* fastlane_scene_data in Resources */ = {isa = PBXBuildFile; fileRef = 14C4ADC4244658E000816A11 /* fastlane_scene_data */; };
		14C4ADED24465B6C00816A11 /* SnapshotHelper.swift in Sources */ = {isa = PBXBuildFile; fileRef = 14C4ADEC24465B6C00816A11 /* SnapshotHelper.swift */; };
		14E1255B244421B300D34DF5 /* PlanetShader.fsh in Resources */ = {isa = PBXBuildFile; fileRef = 14E12539244421B300D34DF5 /* PlanetShader.fsh */; };
		14E1255C244421B300D34DF5 /* PlanetShader.fsh in Resources */ = {isa = PBXBuildFile; fileRef = 14E12539244421B300D34DF5 /* PlanetShader.fsh */; };
		14E1255D244421B300D34DF5 /* PlanetShader.fsh in Resources */ = {isa = PBXBuildFile; fileRef = 14E12539244421B300D34DF5 /* PlanetShader.fsh */; };
		14E1255E244421B300D34DF5 /* PlanetShader.fsh in Resources */ = {isa = PBXBuildFile; fileRef = 14E12539244421B300D34DF5 /* PlanetShader.fsh */; };
		14E1255F244421B300D34DF5 /* LevelNode.swift in Sources */ = {isa = PBXBuildFile; fileRef = 14E1253A244421B300D34DF5 /* LevelNode.swift */; };
		14E12560244421B300D34DF5 /* LevelNode.swift in Sources */ = {isa = PBXBuildFile; fileRef = 14E1253A244421B300D34DF5 /* LevelNode.swift */; };
		14E12561244421B300D34DF5 /* LevelNode.swift in Sources */ = {isa = PBXBuildFile; fileRef = 14E1253A244421B300D34DF5 /* LevelNode.swift */; };
		14E12562244421B300D34DF5 /* LevelNode.swift in Sources */ = {isa = PBXBuildFile; fileRef = 14E1253A244421B300D34DF5 /* LevelNode.swift */; };
		14E12563244421B300D34DF5 /* Goal.swift in Sources */ = {isa = PBXBuildFile; fileRef = 14E1253B244421B300D34DF5 /* Goal.swift */; };
		14E12564244421B300D34DF5 /* Goal.swift in Sources */ = {isa = PBXBuildFile; fileRef = 14E1253B244421B300D34DF5 /* Goal.swift */; };
		14E12565244421B300D34DF5 /* Goal.swift in Sources */ = {isa = PBXBuildFile; fileRef = 14E1253B244421B300D34DF5 /* Goal.swift */; };
		14E12566244421B300D34DF5 /* Goal.swift in Sources */ = {isa = PBXBuildFile; fileRef = 14E1253B244421B300D34DF5 /* Goal.swift */; };
		14E12567244421B300D34DF5 /* AimAssist.swift in Sources */ = {isa = PBXBuildFile; fileRef = 14E1253C244421B300D34DF5 /* AimAssist.swift */; };
		14E12568244421B300D34DF5 /* AimAssist.swift in Sources */ = {isa = PBXBuildFile; fileRef = 14E1253C244421B300D34DF5 /* AimAssist.swift */; };
		14E12569244421B300D34DF5 /* AimAssist.swift in Sources */ = {isa = PBXBuildFile; fileRef = 14E1253C244421B300D34DF5 /* AimAssist.swift */; };
		14E1256A244421B300D34DF5 /* AimAssist.swift in Sources */ = {isa = PBXBuildFile; fileRef = 14E1253C244421B300D34DF5 /* AimAssist.swift */; };
		14E1256B244421B300D34DF5 /* StarDepthNode.swift in Sources */ = {isa = PBXBuildFile; fileRef = 14E1253D244421B300D34DF5 /* StarDepthNode.swift */; };
		14E1256C244421B300D34DF5 /* StarDepthNode.swift in Sources */ = {isa = PBXBuildFile; fileRef = 14E1253D244421B300D34DF5 /* StarDepthNode.swift */; };
		14E1256D244421B300D34DF5 /* StarDepthNode.swift in Sources */ = {isa = PBXBuildFile; fileRef = 14E1253D244421B300D34DF5 /* StarDepthNode.swift */; };
		14E1256E244421B300D34DF5 /* StarDepthNode.swift in Sources */ = {isa = PBXBuildFile; fileRef = 14E1253D244421B300D34DF5 /* StarDepthNode.swift */; };
		14E1256F244421B300D34DF5 /* Planet.swift in Sources */ = {isa = PBXBuildFile; fileRef = 14E1253E244421B300D34DF5 /* Planet.swift */; };
		14E12570244421B300D34DF5 /* Planet.swift in Sources */ = {isa = PBXBuildFile; fileRef = 14E1253E244421B300D34DF5 /* Planet.swift */; };
		14E12571244421B300D34DF5 /* Planet.swift in Sources */ = {isa = PBXBuildFile; fileRef = 14E1253E244421B300D34DF5 /* Planet.swift */; };
		14E12572244421B300D34DF5 /* Planet.swift in Sources */ = {isa = PBXBuildFile; fileRef = 14E1253E244421B300D34DF5 /* Planet.swift */; };
		14E12573244421B300D34DF5 /* LeaderboardButton.swift in Sources */ = {isa = PBXBuildFile; fileRef = 14E1253F244421B300D34DF5 /* LeaderboardButton.swift */; };
		14E12574244421B300D34DF5 /* LeaderboardButton.swift in Sources */ = {isa = PBXBuildFile; fileRef = 14E1253F244421B300D34DF5 /* LeaderboardButton.swift */; };
		14E12575244421B300D34DF5 /* LeaderboardButton.swift in Sources */ = {isa = PBXBuildFile; fileRef = 14E1253F244421B300D34DF5 /* LeaderboardButton.swift */; };
		14E12576244421B300D34DF5 /* LeaderboardButton.swift in Sources */ = {isa = PBXBuildFile; fileRef = 14E1253F244421B300D34DF5 /* LeaderboardButton.swift */; };
		14E12577244421B300D34DF5 /* Player.swift in Sources */ = {isa = PBXBuildFile; fileRef = 14E12540244421B300D34DF5 /* Player.swift */; };
		14E12578244421B300D34DF5 /* Player.swift in Sources */ = {isa = PBXBuildFile; fileRef = 14E12540244421B300D34DF5 /* Player.swift */; };
		14E12579244421B300D34DF5 /* Player.swift in Sources */ = {isa = PBXBuildFile; fileRef = 14E12540244421B300D34DF5 /* Player.swift */; };
		14E1257A244421B300D34DF5 /* Player.swift in Sources */ = {isa = PBXBuildFile; fileRef = 14E12540244421B300D34DF5 /* Player.swift */; };
		14E1257B244421B300D34DF5 /* Assets.xcassets in Resources */ = {isa = PBXBuildFile; fileRef = 14E12541244421B300D34DF5 /* Assets.xcassets */; };
		14E1257C244421B300D34DF5 /* Assets.xcassets in Resources */ = {isa = PBXBuildFile; fileRef = 14E12541244421B300D34DF5 /* Assets.xcassets */; };
		14E1257D244421B300D34DF5 /* Assets.xcassets in Resources */ = {isa = PBXBuildFile; fileRef = 14E12541244421B300D34DF5 /* Assets.xcassets */; };
		14E1257E244421B300D34DF5 /* Assets.xcassets in Resources */ = {isa = PBXBuildFile; fileRef = 14E12541244421B300D34DF5 /* Assets.xcassets */; };
		14E1257F244421B300D34DF5 /* SaveUtility.swift in Sources */ = {isa = PBXBuildFile; fileRef = 14E12543244421B300D34DF5 /* SaveUtility.swift */; };
		14E12580244421B300D34DF5 /* SaveUtility.swift in Sources */ = {isa = PBXBuildFile; fileRef = 14E12543244421B300D34DF5 /* SaveUtility.swift */; };
		14E12581244421B300D34DF5 /* SaveUtility.swift in Sources */ = {isa = PBXBuildFile; fileRef = 14E12543244421B300D34DF5 /* SaveUtility.swift */; };
		14E12582244421B300D34DF5 /* SaveUtility.swift in Sources */ = {isa = PBXBuildFile; fileRef = 14E12543244421B300D34DF5 /* SaveUtility.swift */; };
		14E12583244421B300D34DF5 /* HoleStat.swift in Sources */ = {isa = PBXBuildFile; fileRef = 14E12544244421B300D34DF5 /* HoleStat.swift */; };
		14E12584244421B300D34DF5 /* HoleStat.swift in Sources */ = {isa = PBXBuildFile; fileRef = 14E12544244421B300D34DF5 /* HoleStat.swift */; };
		14E12585244421B300D34DF5 /* HoleStat.swift in Sources */ = {isa = PBXBuildFile; fileRef = 14E12544244421B300D34DF5 /* HoleStat.swift */; };
		14E12586244421B300D34DF5 /* HoleStat.swift in Sources */ = {isa = PBXBuildFile; fileRef = 14E12544244421B300D34DF5 /* HoleStat.swift */; };
		14E12587244421B300D34DF5 /* GameStats.swift in Sources */ = {isa = PBXBuildFile; fileRef = 14E12545244421B300D34DF5 /* GameStats.swift */; };
		14E12588244421B300D34DF5 /* GameStats.swift in Sources */ = {isa = PBXBuildFile; fileRef = 14E12545244421B300D34DF5 /* GameStats.swift */; };
		14E12589244421B300D34DF5 /* GameStats.swift in Sources */ = {isa = PBXBuildFile; fileRef = 14E12545244421B300D34DF5 /* GameStats.swift */; };
		14E1258A244421B300D34DF5 /* GameStats.swift in Sources */ = {isa = PBXBuildFile; fileRef = 14E12545244421B300D34DF5 /* GameStats.swift */; };
		14E1258B244421B300D34DF5 /* HapticsUtility.swift in Sources */ = {isa = PBXBuildFile; fileRef = 14E12546244421B300D34DF5 /* HapticsUtility.swift */; };
		14E1258C244421B300D34DF5 /* HapticsUtility.swift in Sources */ = {isa = PBXBuildFile; fileRef = 14E12546244421B300D34DF5 /* HapticsUtility.swift */; };
		14E1258D244421B300D34DF5 /* HapticsUtility.swift in Sources */ = {isa = PBXBuildFile; fileRef = 14E12546244421B300D34DF5 /* HapticsUtility.swift */; };
		14E1258E244421B300D34DF5 /* HapticsUtility.swift in Sources */ = {isa = PBXBuildFile; fileRef = 14E12546244421B300D34DF5 /* HapticsUtility.swift */; };
		14E1258F244421B300D34DF5 /* LeaderboardUtility.swift in Sources */ = {isa = PBXBuildFile; fileRef = 14E12547244421B300D34DF5 /* LeaderboardUtility.swift */; };
		14E12590244421B300D34DF5 /* LeaderboardUtility.swift in Sources */ = {isa = PBXBuildFile; fileRef = 14E12547244421B300D34DF5 /* LeaderboardUtility.swift */; };
		14E12591244421B300D34DF5 /* LeaderboardUtility.swift in Sources */ = {isa = PBXBuildFile; fileRef = 14E12547244421B300D34DF5 /* LeaderboardUtility.swift */; };
		14E12592244421B300D34DF5 /* LeaderboardUtility.swift in Sources */ = {isa = PBXBuildFile; fileRef = 14E12547244421B300D34DF5 /* LeaderboardUtility.swift */; };
		14E12593244421B300D34DF5 /* GameScene+Input.swift in Sources */ = {isa = PBXBuildFile; fileRef = 14E12549244421B300D34DF5 /* GameScene+Input.swift */; };
		14E12594244421B300D34DF5 /* GameScene+Input.swift in Sources */ = {isa = PBXBuildFile; fileRef = 14E12549244421B300D34DF5 /* GameScene+Input.swift */; };
		14E12595244421B300D34DF5 /* GameScene+Input.swift in Sources */ = {isa = PBXBuildFile; fileRef = 14E12549244421B300D34DF5 /* GameScene+Input.swift */; };
		14E12596244421B300D34DF5 /* GameScene+Input.swift in Sources */ = {isa = PBXBuildFile; fileRef = 14E12549244421B300D34DF5 /* GameScene+Input.swift */; };
		14E12597244421B300D34DF5 /* GameScene+Depth.swift in Sources */ = {isa = PBXBuildFile; fileRef = 14E1254A244421B300D34DF5 /* GameScene+Depth.swift */; };
		14E12598244421B300D34DF5 /* GameScene+Depth.swift in Sources */ = {isa = PBXBuildFile; fileRef = 14E1254A244421B300D34DF5 /* GameScene+Depth.swift */; };
		14E12599244421B300D34DF5 /* GameScene+Depth.swift in Sources */ = {isa = PBXBuildFile; fileRef = 14E1254A244421B300D34DF5 /* GameScene+Depth.swift */; };
		14E1259A244421B300D34DF5 /* GameScene+Depth.swift in Sources */ = {isa = PBXBuildFile; fileRef = 14E1254A244421B300D34DF5 /* GameScene+Depth.swift */; };
		14E1259B244421B300D34DF5 /* GameScene+ContactDelegate.swift in Sources */ = {isa = PBXBuildFile; fileRef = 14E1254B244421B300D34DF5 /* GameScene+ContactDelegate.swift */; };
		14E1259C244421B300D34DF5 /* GameScene+ContactDelegate.swift in Sources */ = {isa = PBXBuildFile; fileRef = 14E1254B244421B300D34DF5 /* GameScene+ContactDelegate.swift */; };
		14E1259D244421B300D34DF5 /* GameScene+ContactDelegate.swift in Sources */ = {isa = PBXBuildFile; fileRef = 14E1254B244421B300D34DF5 /* GameScene+ContactDelegate.swift */; };
		14E1259E244421B300D34DF5 /* GameScene+ContactDelegate.swift in Sources */ = {isa = PBXBuildFile; fileRef = 14E1254B244421B300D34DF5 /* GameScene+ContactDelegate.swift */; };
		14E1259F244421B300D34DF5 /* GameScene.swift in Sources */ = {isa = PBXBuildFile; fileRef = 14E1254C244421B300D34DF5 /* GameScene.swift */; };
		14E125A0244421B300D34DF5 /* GameScene.swift in Sources */ = {isa = PBXBuildFile; fileRef = 14E1254C244421B300D34DF5 /* GameScene.swift */; };
		14E125A1244421B300D34DF5 /* GameScene.swift in Sources */ = {isa = PBXBuildFile; fileRef = 14E1254C244421B300D34DF5 /* GameScene.swift */; };
		14E125A2244421B300D34DF5 /* GameScene.swift in Sources */ = {isa = PBXBuildFile; fileRef = 14E1254C244421B300D34DF5 /* GameScene.swift */; };
		14E125A3244421B300D34DF5 /* SpriteCategory.swift in Sources */ = {isa = PBXBuildFile; fileRef = 14E1254E244421B300D34DF5 /* SpriteCategory.swift */; };
		14E125A4244421B300D34DF5 /* SpriteCategory.swift in Sources */ = {isa = PBXBuildFile; fileRef = 14E1254E244421B300D34DF5 /* SpriteCategory.swift */; };
		14E125A5244421B300D34DF5 /* SpriteCategory.swift in Sources */ = {isa = PBXBuildFile; fileRef = 14E1254E244421B300D34DF5 /* SpriteCategory.swift */; };
		14E125A6244421B300D34DF5 /* SpriteCategory.swift in Sources */ = {isa = PBXBuildFile; fileRef = 14E1254E244421B300D34DF5 /* SpriteCategory.swift */; };
		14E125A7244421B300D34DF5 /* ZPosition.swift in Sources */ = {isa = PBXBuildFile; fileRef = 14E1254F244421B300D34DF5 /* ZPosition.swift */; };
		14E125A8244421B300D34DF5 /* ZPosition.swift in Sources */ = {isa = PBXBuildFile; fileRef = 14E1254F244421B300D34DF5 /* ZPosition.swift */; };
		14E125A9244421B300D34DF5 /* ZPosition.swift in Sources */ = {isa = PBXBuildFile; fileRef = 14E1254F244421B300D34DF5 /* ZPosition.swift */; };
		14E125AA244421B300D34DF5 /* ZPosition.swift in Sources */ = {isa = PBXBuildFile; fileRef = 14E1254F244421B300D34DF5 /* ZPosition.swift */; };
		14E125AB244421B300D34DF5 /* Debugging.swift in Sources */ = {isa = PBXBuildFile; fileRef = 14E12550244421B300D34DF5 /* Debugging.swift */; };
		14E125AC244421B300D34DF5 /* Debugging.swift in Sources */ = {isa = PBXBuildFile; fileRef = 14E12550244421B300D34DF5 /* Debugging.swift */; };
		14E125AD244421B300D34DF5 /* Debugging.swift in Sources */ = {isa = PBXBuildFile; fileRef = 14E12550244421B300D34DF5 /* Debugging.swift */; };
		14E125AE244421B300D34DF5 /* Debugging.swift in Sources */ = {isa = PBXBuildFile; fileRef = 14E12550244421B300D34DF5 /* Debugging.swift */; };
		14E125AF244421B300D34DF5 /* Design.swift in Sources */ = {isa = PBXBuildFile; fileRef = 14E12551244421B300D34DF5 /* Design.swift */; };
		14E125B0244421B300D34DF5 /* Design.swift in Sources */ = {isa = PBXBuildFile; fileRef = 14E12551244421B300D34DF5 /* Design.swift */; };
		14E125B1244421B300D34DF5 /* Design.swift in Sources */ = {isa = PBXBuildFile; fileRef = 14E12551244421B300D34DF5 /* Design.swift */; };
		14E125B2244421B300D34DF5 /* Design.swift in Sources */ = {isa = PBXBuildFile; fileRef = 14E12551244421B300D34DF5 /* Design.swift */; };
		14E125B3244421B300D34DF5 /* SKCircleRect.swift in Sources */ = {isa = PBXBuildFile; fileRef = 14E12553244421B300D34DF5 /* SKCircleRect.swift */; };
		14E125B4244421B300D34DF5 /* SKCircleRect.swift in Sources */ = {isa = PBXBuildFile; fileRef = 14E12553244421B300D34DF5 /* SKCircleRect.swift */; };
		14E125B5244421B300D34DF5 /* SKCircleRect.swift in Sources */ = {isa = PBXBuildFile; fileRef = 14E12553244421B300D34DF5 /* SKCircleRect.swift */; };
		14E125B6244421B300D34DF5 /* SKCircleRect.swift in Sources */ = {isa = PBXBuildFile; fileRef = 14E12553244421B300D34DF5 /* SKCircleRect.swift */; };
		14E125B7244421B300D34DF5 /* CGExtensions.swift in Sources */ = {isa = PBXBuildFile; fileRef = 14E12554244421B300D34DF5 /* CGExtensions.swift */; };
		14E125B8244421B300D34DF5 /* CGExtensions.swift in Sources */ = {isa = PBXBuildFile; fileRef = 14E12554244421B300D34DF5 /* CGExtensions.swift */; };
		14E125B9244421B300D34DF5 /* CGExtensions.swift in Sources */ = {isa = PBXBuildFile; fileRef = 14E12554244421B300D34DF5 /* CGExtensions.swift */; };
		14E125BA244421B300D34DF5 /* CGExtensions.swift in Sources */ = {isa = PBXBuildFile; fileRef = 14E12554244421B300D34DF5 /* CGExtensions.swift */; };
		14E125BB244421B300D34DF5 /* SKCodableColor.swift in Sources */ = {isa = PBXBuildFile; fileRef = 14E12555244421B300D34DF5 /* SKCodableColor.swift */; };
		14E125BC244421B300D34DF5 /* SKCodableColor.swift in Sources */ = {isa = PBXBuildFile; fileRef = 14E12555244421B300D34DF5 /* SKCodableColor.swift */; };
		14E125BD244421B300D34DF5 /* SKCodableColor.swift in Sources */ = {isa = PBXBuildFile; fileRef = 14E12555244421B300D34DF5 /* SKCodableColor.swift */; };
		14E125BE244421B300D34DF5 /* SKCodableColor.swift in Sources */ = {isa = PBXBuildFile; fileRef = 14E12555244421B300D34DF5 /* SKCodableColor.swift */; };
		14E125BF244421B300D34DF5 /* SKExtensions.swift in Sources */ = {isa = PBXBuildFile; fileRef = 14E12556244421B300D34DF5 /* SKExtensions.swift */; };
		14E125C0244421B300D34DF5 /* SKExtensions.swift in Sources */ = {isa = PBXBuildFile; fileRef = 14E12556244421B300D34DF5 /* SKExtensions.swift */; };
		14E125C1244421B300D34DF5 /* SKExtensions.swift in Sources */ = {isa = PBXBuildFile; fileRef = 14E12556244421B300D34DF5 /* SKExtensions.swift */; };
		14E125C2244421B300D34DF5 /* SKExtensions.swift in Sources */ = {isa = PBXBuildFile; fileRef = 14E12556244421B300D34DF5 /* SKExtensions.swift */; };
		14E125C3244421B300D34DF5 /* StarTextureCreator.swift in Sources */ = {isa = PBXBuildFile; fileRef = 14E12558244421B300D34DF5 /* StarTextureCreator.swift */; };
		14E125C4244421B300D34DF5 /* StarTextureCreator.swift in Sources */ = {isa = PBXBuildFile; fileRef = 14E12558244421B300D34DF5 /* StarTextureCreator.swift */; };
		14E125C5244421B300D34DF5 /* StarTextureCreator.swift in Sources */ = {isa = PBXBuildFile; fileRef = 14E12558244421B300D34DF5 /* StarTextureCreator.swift */; };
		14E125C6244421B300D34DF5 /* StarTextureCreator.swift in Sources */ = {isa = PBXBuildFile; fileRef = 14E12558244421B300D34DF5 /* StarTextureCreator.swift */; };
		14E125C7244421B300D34DF5 /* AppKitContextRenderer.swift in Sources */ = {isa = PBXBuildFile; fileRef = 14E12559244421B300D34DF5 /* AppKitContextRenderer.swift */; };
		14E125C8244421B300D34DF5 /* AppKitContextRenderer.swift in Sources */ = {isa = PBXBuildFile; fileRef = 14E12559244421B300D34DF5 /* AppKitContextRenderer.swift */; };
		14E125C9244421B300D34DF5 /* AppKitContextRenderer.swift in Sources */ = {isa = PBXBuildFile; fileRef = 14E12559244421B300D34DF5 /* AppKitContextRenderer.swift */; };
		14E125CA244421B300D34DF5 /* AppKitContextRenderer.swift in Sources */ = {isa = PBXBuildFile; fileRef = 14E12559244421B300D34DF5 /* AppKitContextRenderer.swift */; };
		14E125CB244421B300D34DF5 /* CircleRenderer.swift in Sources */ = {isa = PBXBuildFile; fileRef = 14E1255A244421B300D34DF5 /* CircleRenderer.swift */; };
		14E125CC244421B300D34DF5 /* CircleRenderer.swift in Sources */ = {isa = PBXBuildFile; fileRef = 14E1255A244421B300D34DF5 /* CircleRenderer.swift */; };
		14E125CD244421B300D34DF5 /* CircleRenderer.swift in Sources */ = {isa = PBXBuildFile; fileRef = 14E1255A244421B300D34DF5 /* CircleRenderer.swift */; };
		14E125CE244421B300D34DF5 /* CircleRenderer.swift in Sources */ = {isa = PBXBuildFile; fileRef = 14E1255A244421B300D34DF5 /* CircleRenderer.swift */; };
/* End PBXBuildFile section */

/* Begin PBXContainerItemProxy section */
		1419B428243DAC5B00A74A63 /* PBXContainerItemProxy */ = {
			isa = PBXContainerItemProxy;
			containerPortal = 1400F96E241BF47C003BFED8 /* Project object */;
			proxyType = 1;
			remoteGlobalIDString = 1400F99D241BF47D003BFED8;
			remoteInfo = "Untitled Space Game macOS";
		};
		14C4ADBF2446545900816A11 /* PBXContainerItemProxy */ = {
			isa = PBXContainerItemProxy;
			containerPortal = 1400F96E241BF47C003BFED8 /* Project object */;
			proxyType = 1;
			remoteGlobalIDString = 1400F97A241BF47D003BFED8;
			remoteInfo = "Gravity Golf iOS";
		};
/* End PBXContainerItemProxy section */

/* Begin PBXFileReference section */
		1400F97B241BF47D003BFED8 /* Gravity Putt.app */ = {isa = PBXFileReference; explicitFileType = wrapper.application; includeInIndex = 0; path = "Gravity Putt.app"; sourceTree = BUILT_PRODUCTS_DIR; };
		1400F97E241BF47D003BFED8 /* AppDelegate.swift */ = {isa = PBXFileReference; lastKnownFileType = sourcecode.swift; path = AppDelegate.swift; sourceTree = "<group>"; };
		1400F980241BF47D003BFED8 /* GameViewController.swift */ = {isa = PBXFileReference; lastKnownFileType = sourcecode.swift; path = GameViewController.swift; sourceTree = "<group>"; };
		1400F986241BF47D003BFED8 /* Base */ = {isa = PBXFileReference; lastKnownFileType = file.storyboard; name = Base; path = Base.lproj/LaunchScreen.storyboard; sourceTree = "<group>"; };
		1400F988241BF47D003BFED8 /* Info.plist */ = {isa = PBXFileReference; lastKnownFileType = text.plist.xml; path = Info.plist; sourceTree = "<group>"; };
		1400F98D241BF47D003BFED8 /* Gravity Putt.app */ = {isa = PBXFileReference; explicitFileType = wrapper.application; includeInIndex = 0; path = "Gravity Putt.app"; sourceTree = BUILT_PRODUCTS_DIR; };
		1400F98F241BF47D003BFED8 /* AppDelegate.swift */ = {isa = PBXFileReference; lastKnownFileType = sourcecode.swift; path = AppDelegate.swift; sourceTree = "<group>"; };
		1400F991241BF47D003BFED8 /* GameViewController.swift */ = {isa = PBXFileReference; lastKnownFileType = sourcecode.swift; path = GameViewController.swift; sourceTree = "<group>"; };
		1400F997241BF47D003BFED8 /* Base */ = {isa = PBXFileReference; lastKnownFileType = file.storyboard; name = Base; path = Base.lproj/LaunchScreen.storyboard; sourceTree = "<group>"; };
		1400F999241BF47D003BFED8 /* Info.plist */ = {isa = PBXFileReference; lastKnownFileType = text.plist.xml; path = Info.plist; sourceTree = "<group>"; };
		1400F99E241BF47D003BFED8 /* Gravity Putt.app */ = {isa = PBXFileReference; explicitFileType = wrapper.application; includeInIndex = 0; path = "Gravity Putt.app"; sourceTree = BUILT_PRODUCTS_DIR; };
		1400F9A0241BF47D003BFED8 /* AppDelegate.swift */ = {isa = PBXFileReference; lastKnownFileType = sourcecode.swift; path = AppDelegate.swift; sourceTree = "<group>"; };
		1400F9A2241BF47D003BFED8 /* GameViewController.swift */ = {isa = PBXFileReference; lastKnownFileType = sourcecode.swift; path = GameViewController.swift; sourceTree = "<group>"; };
		1400F9A5241BF47D003BFED8 /* Base */ = {isa = PBXFileReference; lastKnownFileType = file.storyboard; name = Base; path = Base.lproj/Main.storyboard; sourceTree = "<group>"; };
		1400F9A7241BF47D003BFED8 /* Info.plist */ = {isa = PBXFileReference; lastKnownFileType = text.plist.xml; path = Info.plist; sourceTree = "<group>"; };
		140AE9D624430E7400A8925B /* Gravity Golf.entitlements */ = {isa = PBXFileReference; lastKnownFileType = text.plist.entitlements; path = "Gravity Golf.entitlements"; sourceTree = "<group>"; };
		1419B423243DAC5B00A74A63 /* Gravity Putt Tests.xctest */ = {isa = PBXFileReference; explicitFileType = wrapper.cfbundle; includeInIndex = 0; path = "Gravity Putt Tests.xctest"; sourceTree = BUILT_PRODUCTS_DIR; };
		1419B425243DAC5B00A74A63 /* GameTests.swift */ = {isa = PBXFileReference; lastKnownFileType = sourcecode.swift; path = GameTests.swift; sourceTree = "<group>"; };
		1419B427243DAC5B00A74A63 /* Info.plist */ = {isa = PBXFileReference; lastKnownFileType = text.plist.xml; path = Info.plist; sourceTree = "<group>"; };
		1460A5D424450F66003B6B28 /* Store.swift */ = {isa = PBXFileReference; fileEncoding = 4; lastKnownFileType = sourcecode.swift; path = Store.swift; sourceTree = "<group>"; };
		1461FA5324442B3400ACE95D /* NSExtensions.swift */ = {isa = PBXFileReference; lastKnownFileType = sourcecode.swift; path = NSExtensions.swift; sourceTree = "<group>"; };
		149C2643244527AC00270F8C /* UnlockLevelsNode.swift */ = {isa = PBXFileReference; lastKnownFileType = sourcecode.swift; path = UnlockLevelsNode.swift; sourceTree = "<group>"; };
		149C26482445382D00270F8C /* StoreKit.framework */ = {isa = PBXFileReference; lastKnownFileType = wrapper.framework; name = StoreKit.framework; path = Platforms/iPhoneOS.platform/Developer/SDKs/iPhoneOS13.4.sdk/System/Library/Frameworks/StoreKit.framework; sourceTree = DEVELOPER_DIR; };
		149C264A2445383500270F8C /* StoreKit.framework */ = {isa = PBXFileReference; lastKnownFileType = wrapper.framework; name = StoreKit.framework; path = Platforms/AppleTVOS.platform/Developer/SDKs/AppleTVOS13.4.sdk/System/Library/Frameworks/StoreKit.framework; sourceTree = DEVELOPER_DIR; };
		149C264C2445383A00270F8C /* StoreKit.framework */ = {isa = PBXFileReference; lastKnownFileType = wrapper.framework; name = StoreKit.framework; path = System/Library/Frameworks/StoreKit.framework; sourceTree = SDKROOT; };
		149C264F24464B4E00270F8C /* nanopb.xcframework */ = {isa = PBXFileReference; lastKnownFileType = wrapper.xcframework; path = nanopb.xcframework; sourceTree = "<group>"; };
		149C265024464B4E00270F8C /* GoogleAppMeasurement.framework */ = {isa = PBXFileReference; lastKnownFileType = wrapper.framework; path = GoogleAppMeasurement.framework; sourceTree = "<group>"; };
		149C265124464B4E00270F8C /* PromisesObjC.xcframework */ = {isa = PBXFileReference; lastKnownFileType = wrapper.xcframework; path = PromisesObjC.xcframework; sourceTree = "<group>"; };
		149C265224464B4E00270F8C /* FirebaseAnalytics.framework */ = {isa = PBXFileReference; lastKnownFileType = wrapper.framework; path = FirebaseAnalytics.framework; sourceTree = "<group>"; };
		149C265324464B4E00270F8C /* FirebaseCoreDiagnostics.xcframework */ = {isa = PBXFileReference; lastKnownFileType = wrapper.xcframework; path = FirebaseCoreDiagnostics.xcframework; sourceTree = "<group>"; };
		149C265424464B4E00270F8C /* FirebaseInstallations.xcframework */ = {isa = PBXFileReference; lastKnownFileType = wrapper.xcframework; path = FirebaseInstallations.xcframework; sourceTree = "<group>"; };
		149C265524464B4E00270F8C /* FirebaseCore.xcframework */ = {isa = PBXFileReference; lastKnownFileType = wrapper.xcframework; path = FirebaseCore.xcframework; sourceTree = "<group>"; };
		149C265624464B4E00270F8C /* GoogleDataTransportCCTSupport.xcframework */ = {isa = PBXFileReference; lastKnownFileType = wrapper.xcframework; path = GoogleDataTransportCCTSupport.xcframework; sourceTree = "<group>"; };
		149C265724464B4E00270F8C /* GoogleDataTransport.xcframework */ = {isa = PBXFileReference; lastKnownFileType = wrapper.xcframework; path = GoogleDataTransport.xcframework; sourceTree = "<group>"; };
		149C265824464B4E00270F8C /* FIRAnalyticsConnector.framework */ = {isa = PBXFileReference; lastKnownFileType = wrapper.framework; path = FIRAnalyticsConnector.framework; sourceTree = "<group>"; };
		149C265924464B4E00270F8C /* GoogleUtilities.xcframework */ = {isa = PBXFileReference; lastKnownFileType = wrapper.xcframework; path = GoogleUtilities.xcframework; sourceTree = "<group>"; };
		149C267024464C0C00270F8C /* Firebase.h */ = {isa = PBXFileReference; fileEncoding = 4; lastKnownFileType = sourcecode.c.h; path = Firebase.h; sourceTree = "<group>"; };
		149C267124464C2400270F8C /* module.modulemap */ = {isa = PBXFileReference; fileEncoding = 4; lastKnownFileType = "sourcecode.module-map"; path = module.modulemap; sourceTree = "<group>"; };
		149C268224464EAC00270F8C /* libz.tbd */ = {isa = PBXFileReference; lastKnownFileType = "sourcecode.text-based-dylib-definition"; name = libz.tbd; path = Platforms/iPhoneOS.platform/Developer/SDKs/iPhoneOS13.4.sdk/usr/lib/libz.tbd; sourceTree = DEVELOPER_DIR; };
		149C268324464EB400270F8C /* libsqlite3.tbd */ = {isa = PBXFileReference; lastKnownFileType = "sourcecode.text-based-dylib-definition"; name = libsqlite3.tbd; path = Platforms/iPhoneOS.platform/Developer/SDKs/iPhoneOS13.4.sdk/usr/lib/libsqlite3.tbd; sourceTree = DEVELOPER_DIR; };
		149C268624464F7200270F8C /* GoogleService-Info.plist */ = {isa = PBXFileReference; fileEncoding = 4; lastKnownFileType = text.plist.xml; path = "GoogleService-Info.plist"; sourceTree = "<group>"; };
		14AC4AF32440D937000F6D3C /* GameKit.framework */ = {isa = PBXFileReference; lastKnownFileType = wrapper.framework; name = GameKit.framework; path = System/Library/Frameworks/GameKit.framework; sourceTree = SDKROOT; };
		14C4ADBA2446545900816A11 /* GravityPuttScreenshots-iOS.xctest */ = {isa = PBXFileReference; explicitFileType = wrapper.cfbundle; includeInIndex = 0; path = "GravityPuttScreenshots-iOS.xctest"; sourceTree = BUILT_PRODUCTS_DIR; };
		14C4ADBC2446545900816A11 /* GravityPuttScreenshots_iOS.swift */ = {isa = PBXFileReference; lastKnownFileType = sourcecode.swift; path = GravityPuttScreenshots_iOS.swift; sourceTree = "<group>"; };
		14C4ADBE2446545900816A11 /* Info.plist */ = {isa = PBXFileReference; lastKnownFileType = text.plist.xml; path = Info.plist; sourceTree = "<group>"; };
		14C4ADC4244658E000816A11 /* fastlane_scene_data */ = {isa = PBXFileReference; fileEncoding = 4; lastKnownFileType = text; path = fastlane_scene_data; sourceTree = "<group>"; };
		14C4ADEC24465B6C00816A11 /* SnapshotHelper.swift */ = {isa = PBXFileReference; fileEncoding = 4; lastKnownFileType = sourcecode.swift; path = SnapshotHelper.swift; sourceTree = "<group>"; };
		14E12539244421B300D34DF5 /* PlanetShader.fsh */ = {isa = PBXFileReference; fileEncoding = 4; lastKnownFileType = sourcecode.glsl; path = PlanetShader.fsh; sourceTree = "<group>"; };
		14E1253A244421B300D34DF5 /* LevelNode.swift */ = {isa = PBXFileReference; fileEncoding = 4; lastKnownFileType = sourcecode.swift; path = LevelNode.swift; sourceTree = "<group>"; };
		14E1253B244421B300D34DF5 /* Goal.swift */ = {isa = PBXFileReference; fileEncoding = 4; lastKnownFileType = sourcecode.swift; path = Goal.swift; sourceTree = "<group>"; };
		14E1253C244421B300D34DF5 /* AimAssist.swift */ = {isa = PBXFileReference; fileEncoding = 4; lastKnownFileType = sourcecode.swift; path = AimAssist.swift; sourceTree = "<group>"; };
		14E1253D244421B300D34DF5 /* StarDepthNode.swift */ = {isa = PBXFileReference; fileEncoding = 4; lastKnownFileType = sourcecode.swift; path = StarDepthNode.swift; sourceTree = "<group>"; };
		14E1253E244421B300D34DF5 /* Planet.swift */ = {isa = PBXFileReference; fileEncoding = 4; lastKnownFileType = sourcecode.swift; path = Planet.swift; sourceTree = "<group>"; };
		14E1253F244421B300D34DF5 /* LeaderboardButton.swift */ = {isa = PBXFileReference; fileEncoding = 4; lastKnownFileType = sourcecode.swift; path = LeaderboardButton.swift; sourceTree = "<group>"; };
		14E12540244421B300D34DF5 /* Player.swift */ = {isa = PBXFileReference; fileEncoding = 4; lastKnownFileType = sourcecode.swift; path = Player.swift; sourceTree = "<group>"; };
		14E12541244421B300D34DF5 /* Assets.xcassets */ = {isa = PBXFileReference; lastKnownFileType = folder.assetcatalog; path = Assets.xcassets; sourceTree = "<group>"; };
		14E12543244421B300D34DF5 /* SaveUtility.swift */ = {isa = PBXFileReference; fileEncoding = 4; lastKnownFileType = sourcecode.swift; path = SaveUtility.swift; sourceTree = "<group>"; };
		14E12544244421B300D34DF5 /* HoleStat.swift */ = {isa = PBXFileReference; fileEncoding = 4; lastKnownFileType = sourcecode.swift; path = HoleStat.swift; sourceTree = "<group>"; };
		14E12545244421B300D34DF5 /* GameStats.swift */ = {isa = PBXFileReference; fileEncoding = 4; lastKnownFileType = sourcecode.swift; path = GameStats.swift; sourceTree = "<group>"; };
		14E12546244421B300D34DF5 /* HapticsUtility.swift */ = {isa = PBXFileReference; fileEncoding = 4; lastKnownFileType = sourcecode.swift; path = HapticsUtility.swift; sourceTree = "<group>"; };
		14E12547244421B300D34DF5 /* LeaderboardUtility.swift */ = {isa = PBXFileReference; fileEncoding = 4; lastKnownFileType = sourcecode.swift; path = LeaderboardUtility.swift; sourceTree = "<group>"; };
		14E12549244421B300D34DF5 /* GameScene+Input.swift */ = {isa = PBXFileReference; fileEncoding = 4; lastKnownFileType = sourcecode.swift; path = "GameScene+Input.swift"; sourceTree = "<group>"; };
		14E1254A244421B300D34DF5 /* GameScene+Depth.swift */ = {isa = PBXFileReference; fileEncoding = 4; lastKnownFileType = sourcecode.swift; path = "GameScene+Depth.swift"; sourceTree = "<group>"; };
		14E1254B244421B300D34DF5 /* GameScene+ContactDelegate.swift */ = {isa = PBXFileReference; fileEncoding = 4; lastKnownFileType = sourcecode.swift; path = "GameScene+ContactDelegate.swift"; sourceTree = "<group>"; };
		14E1254C244421B300D34DF5 /* GameScene.swift */ = {isa = PBXFileReference; fileEncoding = 4; lastKnownFileType = sourcecode.swift; path = GameScene.swift; sourceTree = "<group>"; };
		14E1254E244421B300D34DF5 /* SpriteCategory.swift */ = {isa = PBXFileReference; fileEncoding = 4; lastKnownFileType = sourcecode.swift; path = SpriteCategory.swift; sourceTree = "<group>"; };
		14E1254F244421B300D34DF5 /* ZPosition.swift */ = {isa = PBXFileReference; fileEncoding = 4; lastKnownFileType = sourcecode.swift; path = ZPosition.swift; sourceTree = "<group>"; };
		14E12550244421B300D34DF5 /* Debugging.swift */ = {isa = PBXFileReference; fileEncoding = 4; lastKnownFileType = sourcecode.swift; path = Debugging.swift; sourceTree = "<group>"; };
		14E12551244421B300D34DF5 /* Design.swift */ = {isa = PBXFileReference; fileEncoding = 4; lastKnownFileType = sourcecode.swift; path = Design.swift; sourceTree = "<group>"; };
		14E12553244421B300D34DF5 /* SKCircleRect.swift */ = {isa = PBXFileReference; fileEncoding = 4; lastKnownFileType = sourcecode.swift; path = SKCircleRect.swift; sourceTree = "<group>"; };
		14E12554244421B300D34DF5 /* CGExtensions.swift */ = {isa = PBXFileReference; fileEncoding = 4; lastKnownFileType = sourcecode.swift; path = CGExtensions.swift; sourceTree = "<group>"; };
		14E12555244421B300D34DF5 /* SKCodableColor.swift */ = {isa = PBXFileReference; fileEncoding = 4; lastKnownFileType = sourcecode.swift; path = SKCodableColor.swift; sourceTree = "<group>"; };
		14E12556244421B300D34DF5 /* SKExtensions.swift */ = {isa = PBXFileReference; fileEncoding = 4; lastKnownFileType = sourcecode.swift; path = SKExtensions.swift; sourceTree = "<group>"; };
		14E12558244421B300D34DF5 /* StarTextureCreator.swift */ = {isa = PBXFileReference; fileEncoding = 4; lastKnownFileType = sourcecode.swift; path = StarTextureCreator.swift; sourceTree = "<group>"; };
		14E12559244421B300D34DF5 /* AppKitContextRenderer.swift */ = {isa = PBXFileReference; fileEncoding = 4; lastKnownFileType = sourcecode.swift; path = AppKitContextRenderer.swift; sourceTree = "<group>"; };
		14E1255A244421B300D34DF5 /* CircleRenderer.swift */ = {isa = PBXFileReference; fileEncoding = 4; lastKnownFileType = sourcecode.swift; path = CircleRenderer.swift; sourceTree = "<group>"; };
/* End PBXFileReference section */

/* Begin PBXFrameworksBuildPhase section */
		1400F978241BF47D003BFED8 /* Frameworks */ = {
			isa = PBXFrameworksBuildPhase;
			buildActionMask = 2147483647;
			files = (
				149C26492445382D00270F8C /* StoreKit.framework in Frameworks */,
				149C267B24464DCB00270F8C /* FirebaseCoreDiagnostics.xcframework in Frameworks */,
				149C268524464ED700270F8C /* libsqlite3.tbd in Frameworks */,
				149C267524464D9D00270F8C /* FirebaseCore.xcframework in Frameworks */,
				149C267824464DB800270F8C /* GoogleAppMeasurement.framework in Frameworks */,
				149C268424464ECD00270F8C /* libz.tbd in Frameworks */,
				149C266E24464B4E00270F8C /* GoogleUtilities.xcframework in Frameworks */,
				149C267624464DA400270F8C /* FIRAnalyticsConnector.framework in Frameworks */,
				149C267F24464DFA00270F8C /* GoogleDataTransport.xcframework in Frameworks */,
				149C267C24464DCE00270F8C /* FirebaseInstallations.xcframework in Frameworks */,
				149C267724464DAF00270F8C /* FirebaseAnalytics.framework in Frameworks */,
				149C267924464DBB00270F8C /* nanopb.xcframework in Frameworks */,
				149C267E24464DF600270F8C /* GoogleDataTransportCCTSupport.xcframework in Frameworks */,
				149C267A24464DC500270F8C /* PromisesObjC.xcframework in Frameworks */,
			);
			runOnlyForDeploymentPostprocessing = 0;
		};
		1400F98A241BF47D003BFED8 /* Frameworks */ = {
			isa = PBXFrameworksBuildPhase;
			buildActionMask = 2147483647;
			files = (
				149C264B2445383500270F8C /* StoreKit.framework in Frameworks */,
			);
			runOnlyForDeploymentPostprocessing = 0;
		};
		1400F99B241BF47D003BFED8 /* Frameworks */ = {
			isa = PBXFrameworksBuildPhase;
			buildActionMask = 2147483647;
			files = (
				14AC4AF42440D937000F6D3C /* GameKit.framework in Frameworks */,
				149C264D2445383A00270F8C /* StoreKit.framework in Frameworks */,
			);
			runOnlyForDeploymentPostprocessing = 0;
		};
		1419B420243DAC5B00A74A63 /* Frameworks */ = {
			isa = PBXFrameworksBuildPhase;
			buildActionMask = 2147483647;
			files = (
			);
			runOnlyForDeploymentPostprocessing = 0;
		};
		14C4ADB72446545900816A11 /* Frameworks */ = {
			isa = PBXFrameworksBuildPhase;
			buildActionMask = 2147483647;
			files = (
			);
			runOnlyForDeploymentPostprocessing = 0;
		};
/* End PBXFrameworksBuildPhase section */

/* Begin PBXGroup section */
		1400F96D241BF47C003BFED8 = {
			isa = PBXGroup;
			children = (
				14E12537244421B300D34DF5 /* Gravity Putt Shared */,
				1400F97D241BF47D003BFED8 /* Gravity Putt iOS */,
				1400F98E241BF47D003BFED8 /* Gravity Putt tvOS */,
				1400F99F241BF47D003BFED8 /* Gravity Putt macOS */,
				1419B424243DAC5B00A74A63 /* Gravity Putt Tests */,
				14C4ADBB2446545900816A11 /* GravityPuttScreenshots-iOS */,
				1400F97C241BF47D003BFED8 /* Products */,
				14AC4AF22440D937000F6D3C /* Frameworks */,
			);
			sourceTree = "<group>";
		};
		1400F97C241BF47D003BFED8 /* Products */ = {
			isa = PBXGroup;
			children = (
				1400F97B241BF47D003BFED8 /* Gravity Putt.app */,
				1400F98D241BF47D003BFED8 /* Gravity Putt.app */,
				1400F99E241BF47D003BFED8 /* Gravity Putt.app */,
				1419B423243DAC5B00A74A63 /* Gravity Putt Tests.xctest */,
				14C4ADBA2446545900816A11 /* GravityPuttScreenshots-iOS.xctest */,
			);
			name = Products;
			sourceTree = "<group>";
		};
		1400F97D241BF47D003BFED8 /* Gravity Putt iOS */ = {
			isa = PBXGroup;
			children = (
				1400F97E241BF47D003BFED8 /* AppDelegate.swift */,
				1400F980241BF47D003BFED8 /* GameViewController.swift */,
				1400F985241BF47D003BFED8 /* LaunchScreen.storyboard */,
				1400F988241BF47D003BFED8 /* Info.plist */,
			);
			path = "Gravity Putt iOS";
			sourceTree = "<group>";
		};
		1400F98E241BF47D003BFED8 /* Gravity Putt tvOS */ = {
			isa = PBXGroup;
			children = (
				1400F98F241BF47D003BFED8 /* AppDelegate.swift */,
				1400F991241BF47D003BFED8 /* GameViewController.swift */,
				1400F996241BF47D003BFED8 /* LaunchScreen.storyboard */,
				1400F999241BF47D003BFED8 /* Info.plist */,
			);
			path = "Gravity Putt tvOS";
			sourceTree = "<group>";
		};
		1400F99F241BF47D003BFED8 /* Gravity Putt macOS */ = {
			isa = PBXGroup;
			children = (
				140AE9D624430E7400A8925B /* Gravity Golf.entitlements */,
				1400F9A0241BF47D003BFED8 /* AppDelegate.swift */,
				1400F9A2241BF47D003BFED8 /* GameViewController.swift */,
				1400F9A4241BF47D003BFED8 /* Main.storyboard */,
				1400F9A7241BF47D003BFED8 /* Info.plist */,
			);
			path = "Gravity Putt macOS";
			sourceTree = "<group>";
		};
		1419B424243DAC5B00A74A63 /* Gravity Putt Tests */ = {
			isa = PBXGroup;
			children = (
				1419B425243DAC5B00A74A63 /* GameTests.swift */,
				1419B427243DAC5B00A74A63 /* Info.plist */,
			);
			path = "Gravity Putt Tests";
			sourceTree = "<group>";
		};
		149C264E24464B4E00270F8C /* FirebaseAnalytics */ = {
			isa = PBXGroup;
			children = (
				149C268624464F7200270F8C /* GoogleService-Info.plist */,
				149C267024464C0C00270F8C /* Firebase.h */,
				149C267124464C2400270F8C /* module.modulemap */,
				149C264F24464B4E00270F8C /* nanopb.xcframework */,
				149C265024464B4E00270F8C /* GoogleAppMeasurement.framework */,
				149C265124464B4E00270F8C /* PromisesObjC.xcframework */,
				149C265224464B4E00270F8C /* FirebaseAnalytics.framework */,
				149C265324464B4E00270F8C /* FirebaseCoreDiagnostics.xcframework */,
				149C265424464B4E00270F8C /* FirebaseInstallations.xcframework */,
				149C265524464B4E00270F8C /* FirebaseCore.xcframework */,
				149C265624464B4E00270F8C /* GoogleDataTransportCCTSupport.xcframework */,
				149C265724464B4E00270F8C /* GoogleDataTransport.xcframework */,
				149C265824464B4E00270F8C /* FIRAnalyticsConnector.framework */,
				149C265924464B4E00270F8C /* GoogleUtilities.xcframework */,
			);
			path = FirebaseAnalytics;
			sourceTree = "<group>";
		};
		14AC4AF22440D937000F6D3C /* Frameworks */ = {
			isa = PBXGroup;
			children = (
				149C268324464EB400270F8C /* libsqlite3.tbd */,
				149C268224464EAC00270F8C /* libz.tbd */,
				149C264C2445383A00270F8C /* StoreKit.framework */,
				149C264A2445383500270F8C /* StoreKit.framework */,
				149C26482445382D00270F8C /* StoreKit.framework */,
				14AC4AF32440D937000F6D3C /* GameKit.framework */,
			);
			name = Frameworks;
			sourceTree = "<group>";
		};
		14C4ADBB2446545900816A11 /* GravityPuttScreenshots-iOS */ = {
			isa = PBXGroup;
			children = (
				14C4ADEC24465B6C00816A11 /* SnapshotHelper.swift */,
				14C4ADBC2446545900816A11 /* GravityPuttScreenshots_iOS.swift */,
				14C4ADBE2446545900816A11 /* Info.plist */,
			);
			path = "GravityPuttScreenshots-iOS";
			sourceTree = "<group>";
		};
		14E12537244421B300D34DF5 /* Gravity Putt Shared */ = {
			isa = PBXGroup;
			children = (
				14E12548244421B300D34DF5 /* GameScene */,
				14E12538244421B300D34DF5 /* Nodes */,
				14E12542244421B300D34DF5 /* Utils */,
				14E1254D244421B300D34DF5 /* Defines */,
				14E12552244421B300D34DF5 /* Common */,
				14E12557244421B300D34DF5 /* Rendering */,
				149C264E24464B4E00270F8C /* FirebaseAnalytics */,
				14E12541244421B300D34DF5 /* Assets.xcassets */,
				14C4ADC4244658E000816A11 /* fastlane_scene_data */,
			);
			path = "Gravity Putt Shared";
			sourceTree = "<group>";
		};
		14E12538244421B300D34DF5 /* Nodes */ = {
			isa = PBXGroup;
			children = (
				14E1253C244421B300D34DF5 /* AimAssist.swift */,
				14E1253B244421B300D34DF5 /* Goal.swift */,
				14E1253F244421B300D34DF5 /* LeaderboardButton.swift */,
				14E1253A244421B300D34DF5 /* LevelNode.swift */,
				14E1253E244421B300D34DF5 /* Planet.swift */,
				14E12539244421B300D34DF5 /* PlanetShader.fsh */,
				14E12540244421B300D34DF5 /* Player.swift */,
				14E1253D244421B300D34DF5 /* StarDepthNode.swift */,
				149C2643244527AC00270F8C /* UnlockLevelsNode.swift */,
			);
			path = Nodes;
			sourceTree = "<group>";
		};
		14E12542244421B300D34DF5 /* Utils */ = {
			isa = PBXGroup;
			children = (
				14E12545244421B300D34DF5 /* GameStats.swift */,
				14E12546244421B300D34DF5 /* HapticsUtility.swift */,
				14E12544244421B300D34DF5 /* HoleStat.swift */,
				14E12547244421B300D34DF5 /* LeaderboardUtility.swift */,
				14E12543244421B300D34DF5 /* SaveUtility.swift */,
				1460A5D424450F66003B6B28 /* Store.swift */,
			);
			path = Utils;
			sourceTree = "<group>";
		};
		14E12548244421B300D34DF5 /* GameScene */ = {
			isa = PBXGroup;
			children = (
				14E1254C244421B300D34DF5 /* GameScene.swift */,
				14E1254B244421B300D34DF5 /* GameScene+ContactDelegate.swift */,
				14E1254A244421B300D34DF5 /* GameScene+Depth.swift */,
				14E12549244421B300D34DF5 /* GameScene+Input.swift */,
			);
			path = GameScene;
			sourceTree = "<group>";
		};
		14E1254D244421B300D34DF5 /* Defines */ = {
			isa = PBXGroup;
			children = (
				14E12550244421B300D34DF5 /* Debugging.swift */,
				14E12551244421B300D34DF5 /* Design.swift */,
				14E1254E244421B300D34DF5 /* SpriteCategory.swift */,
				14E1254F244421B300D34DF5 /* ZPosition.swift */,
			);
			path = Defines;
			sourceTree = "<group>";
		};
		14E12552244421B300D34DF5 /* Common */ = {
			isa = PBXGroup;
			children = (
				14E12554244421B300D34DF5 /* CGExtensions.swift */,
				1461FA5324442B3400ACE95D /* NSExtensions.swift */,
				14E12553244421B300D34DF5 /* SKCircleRect.swift */,
				14E12555244421B300D34DF5 /* SKCodableColor.swift */,
				14E12556244421B300D34DF5 /* SKExtensions.swift */,
			);
			path = Common;
			sourceTree = "<group>";
		};
		14E12557244421B300D34DF5 /* Rendering */ = {
			isa = PBXGroup;
			children = (
				14E12559244421B300D34DF5 /* AppKitContextRenderer.swift */,
				14E1255A244421B300D34DF5 /* CircleRenderer.swift */,
				14E12558244421B300D34DF5 /* StarTextureCreator.swift */,
			);
			path = Rendering;
			sourceTree = "<group>";
		};
/* End PBXGroup section */

/* Begin PBXNativeTarget section */
		1400F97A241BF47D003BFED8 /* Gravity Putt iOS */ = {
			isa = PBXNativeTarget;
			buildConfigurationList = 1400F9B6241BF47D003BFED8 /* Build configuration list for PBXNativeTarget "Gravity Putt iOS" */;
			buildPhases = (
				1400F977241BF47D003BFED8 /* Sources */,
				1400F978241BF47D003BFED8 /* Frameworks */,
				1400F979241BF47D003BFED8 /* Resources */,
			);
			buildRules = (
			);
			dependencies = (
			);
			name = "Gravity Putt iOS";
			productName = "Untitled Space Game iOS";
			productReference = 1400F97B241BF47D003BFED8 /* Gravity Putt.app */;
			productType = "com.apple.product-type.application";
		};
		1400F98C241BF47D003BFED8 /* Gravity Putt tvOS */ = {
			isa = PBXNativeTarget;
			buildConfigurationList = 1400F9B9241BF47D003BFED8 /* Build configuration list for PBXNativeTarget "Gravity Putt tvOS" */;
			buildPhases = (
				1400F989241BF47D003BFED8 /* Sources */,
				1400F98A241BF47D003BFED8 /* Frameworks */,
				1400F98B241BF47D003BFED8 /* Resources */,
			);
			buildRules = (
			);
			dependencies = (
			);
			name = "Gravity Putt tvOS";
			productName = "Untitled Space Game tvOS";
			productReference = 1400F98D241BF47D003BFED8 /* Gravity Putt.app */;
			productType = "com.apple.product-type.application";
		};
		1400F99D241BF47D003BFED8 /* Gravity Putt macOS */ = {
			isa = PBXNativeTarget;
			buildConfigurationList = 1400F9BC241BF47D003BFED8 /* Build configuration list for PBXNativeTarget "Gravity Putt macOS" */;
			buildPhases = (
				1400F99A241BF47D003BFED8 /* Sources */,
				1400F99B241BF47D003BFED8 /* Frameworks */,
				1400F99C241BF47D003BFED8 /* Resources */,
			);
			buildRules = (
			);
			dependencies = (
			);
			name = "Gravity Putt macOS";
			productName = "Untitled Space Game macOS";
			productReference = 1400F99E241BF47D003BFED8 /* Gravity Putt.app */;
			productType = "com.apple.product-type.application";
		};
		1419B422243DAC5B00A74A63 /* Gravity Putt Tests */ = {
			isa = PBXNativeTarget;
			buildConfigurationList = 1419B42C243DAC5B00A74A63 /* Build configuration list for PBXNativeTarget "Gravity Putt Tests" */;
			buildPhases = (
				1419B41F243DAC5B00A74A63 /* Sources */,
				1419B420243DAC5B00A74A63 /* Frameworks */,
				1419B421243DAC5B00A74A63 /* Resources */,
			);
			buildRules = (
			);
			dependencies = (
				1419B429243DAC5B00A74A63 /* PBXTargetDependency */,
			);
			name = "Gravity Putt Tests";
			productName = GameTests;
			productReference = 1419B423243DAC5B00A74A63 /* Gravity Putt Tests.xctest */;
			productType = "com.apple.product-type.bundle.unit-test";
		};
		14C4ADB92446545900816A11 /* GravityPuttScreenshots-iOS */ = {
			isa = PBXNativeTarget;
			buildConfigurationList = 14C4ADC32446545900816A11 /* Build configuration list for PBXNativeTarget "GravityPuttScreenshots-iOS" */;
			buildPhases = (
				14C4ADB62446545900816A11 /* Sources */,
				14C4ADB72446545900816A11 /* Frameworks */,
				14C4ADB82446545900816A11 /* Resources */,
			);
			buildRules = (
			);
			dependencies = (
				14C4ADC02446545900816A11 /* PBXTargetDependency */,
			);
			name = "GravityPuttScreenshots-iOS";
			productName = "GravityGolfScreenshots-iOS";
			productReference = 14C4ADBA2446545900816A11 /* GravityPuttScreenshots-iOS.xctest */;
			productType = "com.apple.product-type.bundle.ui-testing";
		};
/* End PBXNativeTarget section */

/* Begin PBXProject section */
		1400F96E241BF47C003BFED8 /* Project object */ = {
			isa = PBXProject;
			attributes = {
				LastSwiftUpdateCheck = 1140;
				LastUpgradeCheck = 1140;
				ORGANIZATIONNAME = "Andrew Finke";
				TargetAttributes = {
					1400F97A241BF47D003BFED8 = {
						CreatedOnToolsVersion = 11.3.1;
					};
					1400F98C241BF47D003BFED8 = {
						CreatedOnToolsVersion = 11.3.1;
					};
					1400F99D241BF47D003BFED8 = {
						CreatedOnToolsVersion = 11.3.1;
					};
					1419B422243DAC5B00A74A63 = {
						CreatedOnToolsVersion = 11.4;
						TestTargetID = 1400F99D241BF47D003BFED8;
					};
					14C4ADB92446545900816A11 = {
						CreatedOnToolsVersion = 11.4;
						TestTargetID = 1400F97A241BF47D003BFED8;
					};
				};
			};
			buildConfigurationList = 1400F971241BF47C003BFED8 /* Build configuration list for PBXProject "Gravity Putt" */;
			compatibilityVersion = "Xcode 9.3";
			developmentRegion = en;
			hasScannedForEncodings = 0;
			knownRegions = (
				en,
				Base,
			);
			mainGroup = 1400F96D241BF47C003BFED8;
			productRefGroup = 1400F97C241BF47D003BFED8 /* Products */;
			projectDirPath = "";
			projectRoot = "";
			targets = (
				1400F97A241BF47D003BFED8 /* Gravity Putt iOS */,
				1400F98C241BF47D003BFED8 /* Gravity Putt tvOS */,
				1400F99D241BF47D003BFED8 /* Gravity Putt macOS */,
				1419B422243DAC5B00A74A63 /* Gravity Putt Tests */,
				14C4ADB92446545900816A11 /* GravityPuttScreenshots-iOS */,
			);
		};
/* End PBXProject section */

/* Begin PBXResourcesBuildPhase section */
		1400F979241BF47D003BFED8 /* Resources */ = {
			isa = PBXResourcesBuildPhase;
			buildActionMask = 2147483647;
			files = (
				14E1255B244421B300D34DF5 /* PlanetShader.fsh in Resources */,
				149C268724464F7200270F8C /* GoogleService-Info.plist in Resources */,
				14C4ADE924465AA800816A11 /* fastlane_scene_data in Resources */,
				14E1257B244421B300D34DF5 /* Assets.xcassets in Resources */,
				1400F987241BF47D003BFED8 /* LaunchScreen.storyboard in Resources */,
			);
			runOnlyForDeploymentPostprocessing = 0;
		};
		1400F98B241BF47D003BFED8 /* Resources */ = {
			isa = PBXResourcesBuildPhase;
			buildActionMask = 2147483647;
			files = (
				14E1255C244421B300D34DF5 /* PlanetShader.fsh in Resources */,
				14E1257C244421B300D34DF5 /* Assets.xcassets in Resources */,
				1400F998241BF47D003BFED8 /* LaunchScreen.storyboard in Resources */,
			);
			runOnlyForDeploymentPostprocessing = 0;
		};
		1400F99C241BF47D003BFED8 /* Resources */ = {
			isa = PBXResourcesBuildPhase;
			buildActionMask = 2147483647;
			files = (
				14E1255D244421B300D34DF5 /* PlanetShader.fsh in Resources */,
				14E1257D244421B300D34DF5 /* Assets.xcassets in Resources */,
				1400F9A6241BF47D003BFED8 /* Main.storyboard in Resources */,
			);
			runOnlyForDeploymentPostprocessing = 0;
		};
		1419B421243DAC5B00A74A63 /* Resources */ = {
			isa = PBXResourcesBuildPhase;
			buildActionMask = 2147483647;
			files = (
				14E1257E244421B300D34DF5 /* Assets.xcassets in Resources */,
				14E1255E244421B300D34DF5 /* PlanetShader.fsh in Resources */,
			);
			runOnlyForDeploymentPostprocessing = 0;
		};
		14C4ADB82446545900816A11 /* Resources */ = {
			isa = PBXResourcesBuildPhase;
			buildActionMask = 2147483647;
			files = (
			);
			runOnlyForDeploymentPostprocessing = 0;
		};
/* End PBXResourcesBuildPhase section */

/* Begin PBXSourcesBuildPhase section */
		1400F977241BF47D003BFED8 /* Sources */ = {
			isa = PBXSourcesBuildPhase;
			buildActionMask = 2147483647;
			files = (
				14E125BB244421B300D34DF5 /* SKCodableColor.swift in Sources */,
				14E125BF244421B300D34DF5 /* SKExtensions.swift in Sources */,
				1461FA5424442B3400ACE95D /* NSExtensions.swift in Sources */,
				14E12563244421B300D34DF5 /* Goal.swift in Sources */,
				14E125AB244421B300D34DF5 /* Debugging.swift in Sources */,
				149C2644244527AC00270F8C /* UnlockLevelsNode.swift in Sources */,
				14E1256B244421B300D34DF5 /* StarDepthNode.swift in Sources */,
				149C263F2445246500270F8C /* Store.swift in Sources */,
				14E125AF244421B300D34DF5 /* Design.swift in Sources */,
				14E1258B244421B300D34DF5 /* HapticsUtility.swift in Sources */,
				14E1259B244421B300D34DF5 /* GameScene+ContactDelegate.swift in Sources */,
				1400F981241BF47D003BFED8 /* GameViewController.swift in Sources */,
				14E1257F244421B300D34DF5 /* SaveUtility.swift in Sources */,
				14E12573244421B300D34DF5 /* LeaderboardButton.swift in Sources */,
				14E12567244421B300D34DF5 /* AimAssist.swift in Sources */,
				14E125B3244421B300D34DF5 /* SKCircleRect.swift in Sources */,
				14E1256F244421B300D34DF5 /* Planet.swift in Sources */,
				14E12597244421B300D34DF5 /* GameScene+Depth.swift in Sources */,
				14E125C3244421B300D34DF5 /* StarTextureCreator.swift in Sources */,
				14E1255F244421B300D34DF5 /* LevelNode.swift in Sources */,
				14E12577244421B300D34DF5 /* Player.swift in Sources */,
				14E125B7244421B300D34DF5 /* CGExtensions.swift in Sources */,
				14E1259F244421B300D34DF5 /* GameScene.swift in Sources */,
				14E1258F244421B300D34DF5 /* LeaderboardUtility.swift in Sources */,
				1400F97F241BF47D003BFED8 /* AppDelegate.swift in Sources */,
				14E12593244421B300D34DF5 /* GameScene+Input.swift in Sources */,
				14E125C7244421B300D34DF5 /* AppKitContextRenderer.swift in Sources */,
				14E125A3244421B300D34DF5 /* SpriteCategory.swift in Sources */,
				14E125A7244421B300D34DF5 /* ZPosition.swift in Sources */,
				14E12583244421B300D34DF5 /* HoleStat.swift in Sources */,
				14E125CB244421B300D34DF5 /* CircleRenderer.swift in Sources */,
				14E12587244421B300D34DF5 /* GameStats.swift in Sources */,
			);
			runOnlyForDeploymentPostprocessing = 0;
		};
		1400F989241BF47D003BFED8 /* Sources */ = {
			isa = PBXSourcesBuildPhase;
			buildActionMask = 2147483647;
			files = (
				14E125BC244421B300D34DF5 /* SKCodableColor.swift in Sources */,
				14E125C0244421B300D34DF5 /* SKExtensions.swift in Sources */,
				1461FA5524442B3400ACE95D /* NSExtensions.swift in Sources */,
				14E12564244421B300D34DF5 /* Goal.swift in Sources */,
				14E125AC244421B300D34DF5 /* Debugging.swift in Sources */,
				149C2645244527AC00270F8C /* UnlockLevelsNode.swift in Sources */,
				14E1256C244421B300D34DF5 /* StarDepthNode.swift in Sources */,
				149C26402445246500270F8C /* Store.swift in Sources */,
				14E125B0244421B300D34DF5 /* Design.swift in Sources */,
				14E1258C244421B300D34DF5 /* HapticsUtility.swift in Sources */,
				14E1259C244421B300D34DF5 /* GameScene+ContactDelegate.swift in Sources */,
				1400F992241BF47D003BFED8 /* GameViewController.swift in Sources */,
				14E12580244421B300D34DF5 /* SaveUtility.swift in Sources */,
				14E12574244421B300D34DF5 /* LeaderboardButton.swift in Sources */,
				14E12568244421B300D34DF5 /* AimAssist.swift in Sources */,
				14E125B4244421B300D34DF5 /* SKCircleRect.swift in Sources */,
				14E12570244421B300D34DF5 /* Planet.swift in Sources */,
				14E12598244421B300D34DF5 /* GameScene+Depth.swift in Sources */,
				14E125C4244421B300D34DF5 /* StarTextureCreator.swift in Sources */,
				14E12560244421B300D34DF5 /* LevelNode.swift in Sources */,
				14E12578244421B300D34DF5 /* Player.swift in Sources */,
				14E125B8244421B300D34DF5 /* CGExtensions.swift in Sources */,
				14E125A0244421B300D34DF5 /* GameScene.swift in Sources */,
				14E12590244421B300D34DF5 /* LeaderboardUtility.swift in Sources */,
				1400F990241BF47D003BFED8 /* AppDelegate.swift in Sources */,
				14E12594244421B300D34DF5 /* GameScene+Input.swift in Sources */,
				14E125C8244421B300D34DF5 /* AppKitContextRenderer.swift in Sources */,
				14E125A4244421B300D34DF5 /* SpriteCategory.swift in Sources */,
				14E125A8244421B300D34DF5 /* ZPosition.swift in Sources */,
				14E12584244421B300D34DF5 /* HoleStat.swift in Sources */,
				14E125CC244421B300D34DF5 /* CircleRenderer.swift in Sources */,
				14E12588244421B300D34DF5 /* GameStats.swift in Sources */,
			);
			runOnlyForDeploymentPostprocessing = 0;
		};
		1400F99A241BF47D003BFED8 /* Sources */ = {
			isa = PBXSourcesBuildPhase;
			buildActionMask = 2147483647;
			files = (
				14E125BD244421B300D34DF5 /* SKCodableColor.swift in Sources */,
				14E125C1244421B300D34DF5 /* SKExtensions.swift in Sources */,
				1461FA5624442B3400ACE95D /* NSExtensions.swift in Sources */,
				14E12565244421B300D34DF5 /* Goal.swift in Sources */,
				14E125AD244421B300D34DF5 /* Debugging.swift in Sources */,
				149C2646244527AC00270F8C /* UnlockLevelsNode.swift in Sources */,
				14E1256D244421B300D34DF5 /* StarDepthNode.swift in Sources */,
				149C26412445246600270F8C /* Store.swift in Sources */,
				14E125B1244421B300D34DF5 /* Design.swift in Sources */,
				14E1258D244421B300D34DF5 /* HapticsUtility.swift in Sources */,
				14E1259D244421B300D34DF5 /* GameScene+ContactDelegate.swift in Sources */,
				1400F9A3241BF47D003BFED8 /* GameViewController.swift in Sources */,
				14E12581244421B300D34DF5 /* SaveUtility.swift in Sources */,
				14E12575244421B300D34DF5 /* LeaderboardButton.swift in Sources */,
				14E12569244421B300D34DF5 /* AimAssist.swift in Sources */,
				14E125B5244421B300D34DF5 /* SKCircleRect.swift in Sources */,
				14E12571244421B300D34DF5 /* Planet.swift in Sources */,
				14E12599244421B300D34DF5 /* GameScene+Depth.swift in Sources */,
				14E125C5244421B300D34DF5 /* StarTextureCreator.swift in Sources */,
				14E12561244421B300D34DF5 /* LevelNode.swift in Sources */,
				14E12579244421B300D34DF5 /* Player.swift in Sources */,
				14E125B9244421B300D34DF5 /* CGExtensions.swift in Sources */,
				14E125A1244421B300D34DF5 /* GameScene.swift in Sources */,
				14E12591244421B300D34DF5 /* LeaderboardUtility.swift in Sources */,
				1400F9A1241BF47D003BFED8 /* AppDelegate.swift in Sources */,
				14E12595244421B300D34DF5 /* GameScene+Input.swift in Sources */,
				14E125C9244421B300D34DF5 /* AppKitContextRenderer.swift in Sources */,
				14E125A5244421B300D34DF5 /* SpriteCategory.swift in Sources */,
				14E125A9244421B300D34DF5 /* ZPosition.swift in Sources */,
				14E12585244421B300D34DF5 /* HoleStat.swift in Sources */,
				14E125CD244421B300D34DF5 /* CircleRenderer.swift in Sources */,
				14E12589244421B300D34DF5 /* GameStats.swift in Sources */,
			);
			runOnlyForDeploymentPostprocessing = 0;
		};
		1419B41F243DAC5B00A74A63 /* Sources */ = {
			isa = PBXSourcesBuildPhase;
			buildActionMask = 2147483647;
			files = (
				14E1256A244421B300D34DF5 /* AimAssist.swift in Sources */,
				14E125BA244421B300D34DF5 /* CGExtensions.swift in Sources */,
				14E12576244421B300D34DF5 /* LeaderboardButton.swift in Sources */,
				14E125AE244421B300D34DF5 /* Debugging.swift in Sources */,
				14E1259A244421B300D34DF5 /* GameScene+Depth.swift in Sources */,
				149C26422445246600270F8C /* Store.swift in Sources */,
				14E1256E244421B300D34DF5 /* StarDepthNode.swift in Sources */,
				1461FA5724442B3400ACE95D /* NSExtensions.swift in Sources */,
				149C2647244527AC00270F8C /* UnlockLevelsNode.swift in Sources */,
				14E125BE244421B300D34DF5 /* SKCodableColor.swift in Sources */,
				14E125C2244421B300D34DF5 /* SKExtensions.swift in Sources */,
				14E125A6244421B300D34DF5 /* SpriteCategory.swift in Sources */,
				14E1259E244421B300D34DF5 /* GameScene+ContactDelegate.swift in Sources */,
				14E125C6244421B300D34DF5 /* StarTextureCreator.swift in Sources */,
				14E12562244421B300D34DF5 /* LevelNode.swift in Sources */,
				14E1257A244421B300D34DF5 /* Player.swift in Sources */,
				14E12572244421B300D34DF5 /* Planet.swift in Sources */,
				14E12566244421B300D34DF5 /* Goal.swift in Sources */,
				14E12596244421B300D34DF5 /* GameScene+Input.swift in Sources */,
				14E125CA244421B300D34DF5 /* AppKitContextRenderer.swift in Sources */,
				14E1258E244421B300D34DF5 /* HapticsUtility.swift in Sources */,
				14E125B6244421B300D34DF5 /* SKCircleRect.swift in Sources */,
				14E125A2244421B300D34DF5 /* GameScene.swift in Sources */,
				14E12582244421B300D34DF5 /* SaveUtility.swift in Sources */,
				14E125B2244421B300D34DF5 /* Design.swift in Sources */,
				14E12592244421B300D34DF5 /* LeaderboardUtility.swift in Sources */,
				14E1258A244421B300D34DF5 /* GameStats.swift in Sources */,
				14E125CE244421B300D34DF5 /* CircleRenderer.swift in Sources */,
				14E125AA244421B300D34DF5 /* ZPosition.swift in Sources */,
				1419B426243DAC5B00A74A63 /* GameTests.swift in Sources */,
				14E12586244421B300D34DF5 /* HoleStat.swift in Sources */,
			);
			runOnlyForDeploymentPostprocessing = 0;
		};
		14C4ADB62446545900816A11 /* Sources */ = {
			isa = PBXSourcesBuildPhase;
			buildActionMask = 2147483647;
			files = (
				14C4ADD92446593900816A11 /* Debugging.swift in Sources */,
				14C4ADBD2446545900816A11 /* GravityPuttScreenshots_iOS.swift in Sources */,
				14C4ADDB2446593900816A11 /* SpriteCategory.swift in Sources */,
				14C4ADDC2446593900816A11 /* ZPosition.swift in Sources */,
				14C4ADDA2446593900816A11 /* Design.swift in Sources */,
				14C4ADED24465B6C00816A11 /* SnapshotHelper.swift in Sources */,
			);
			runOnlyForDeploymentPostprocessing = 0;
		};
/* End PBXSourcesBuildPhase section */

/* Begin PBXTargetDependency section */
		1419B429243DAC5B00A74A63 /* PBXTargetDependency */ = {
			isa = PBXTargetDependency;
			target = 1400F99D241BF47D003BFED8 /* Gravity Putt macOS */;
			targetProxy = 1419B428243DAC5B00A74A63 /* PBXContainerItemProxy */;
		};
		14C4ADC02446545900816A11 /* PBXTargetDependency */ = {
			isa = PBXTargetDependency;
			target = 1400F97A241BF47D003BFED8 /* Gravity Putt iOS */;
			targetProxy = 14C4ADBF2446545900816A11 /* PBXContainerItemProxy */;
		};
/* End PBXTargetDependency section */

/* Begin PBXVariantGroup section */
		1400F985241BF47D003BFED8 /* LaunchScreen.storyboard */ = {
			isa = PBXVariantGroup;
			children = (
				1400F986241BF47D003BFED8 /* Base */,
			);
			name = LaunchScreen.storyboard;
			sourceTree = "<group>";
		};
		1400F996241BF47D003BFED8 /* LaunchScreen.storyboard */ = {
			isa = PBXVariantGroup;
			children = (
				1400F997241BF47D003BFED8 /* Base */,
			);
			name = LaunchScreen.storyboard;
			sourceTree = "<group>";
		};
		1400F9A4241BF47D003BFED8 /* Main.storyboard */ = {
			isa = PBXVariantGroup;
			children = (
				1400F9A5241BF47D003BFED8 /* Base */,
			);
			name = Main.storyboard;
			sourceTree = "<group>";
		};
/* End PBXVariantGroup section */

/* Begin XCBuildConfiguration section */
		1400F9B4241BF47D003BFED8 /* Debug */ = {
			isa = XCBuildConfiguration;
			buildSettings = {
				ALWAYS_SEARCH_USER_PATHS = NO;
				CLANG_ANALYZER_NONNULL = YES;
				CLANG_ANALYZER_NUMBER_OBJECT_CONVERSION = YES_AGGRESSIVE;
				CLANG_CXX_LANGUAGE_STANDARD = "gnu++14";
				CLANG_CXX_LIBRARY = "libc++";
				CLANG_ENABLE_MODULES = YES;
				CLANG_ENABLE_OBJC_ARC = YES;
				CLANG_ENABLE_OBJC_WEAK = YES;
				CLANG_WARN_BLOCK_CAPTURE_AUTORELEASING = YES;
				CLANG_WARN_BOOL_CONVERSION = YES;
				CLANG_WARN_COMMA = YES;
				CLANG_WARN_CONSTANT_CONVERSION = YES;
				CLANG_WARN_DEPRECATED_OBJC_IMPLEMENTATIONS = YES;
				CLANG_WARN_DIRECT_OBJC_ISA_USAGE = YES_ERROR;
				CLANG_WARN_DOCUMENTATION_COMMENTS = YES;
				CLANG_WARN_EMPTY_BODY = YES;
				CLANG_WARN_ENUM_CONVERSION = YES;
				CLANG_WARN_INFINITE_RECURSION = YES;
				CLANG_WARN_INT_CONVERSION = YES;
				CLANG_WARN_NON_LITERAL_NULL_CONVERSION = YES;
				CLANG_WARN_OBJC_IMPLICIT_RETAIN_SELF = YES;
				CLANG_WARN_OBJC_LITERAL_CONVERSION = YES;
				CLANG_WARN_OBJC_ROOT_CLASS = YES_ERROR;
				CLANG_WARN_RANGE_LOOP_ANALYSIS = YES;
				CLANG_WARN_STRICT_PROTOTYPES = YES;
				CLANG_WARN_SUSPICIOUS_MOVE = YES;
				CLANG_WARN_UNGUARDED_AVAILABILITY = YES_AGGRESSIVE;
				CLANG_WARN_UNREACHABLE_CODE = YES;
				CLANG_WARN__DUPLICATE_METHOD_MATCH = YES;
				COPY_PHASE_STRIP = NO;
				DEBUG_INFORMATION_FORMAT = dwarf;
				ENABLE_STRICT_OBJC_MSGSEND = YES;
				ENABLE_TESTABILITY = YES;
				GCC_C_LANGUAGE_STANDARD = gnu11;
				GCC_DYNAMIC_NO_PIC = NO;
				GCC_NO_COMMON_BLOCKS = YES;
				GCC_OPTIMIZATION_LEVEL = 0;
				GCC_PREPROCESSOR_DEFINITIONS = (
					"DEBUG=1",
					"$(inherited)",
				);
				GCC_WARN_64_TO_32_BIT_CONVERSION = YES;
				GCC_WARN_ABOUT_RETURN_TYPE = YES_ERROR;
				GCC_WARN_UNDECLARED_SELECTOR = YES;
				GCC_WARN_UNINITIALIZED_AUTOS = YES_AGGRESSIVE;
				GCC_WARN_UNUSED_FUNCTION = YES;
				GCC_WARN_UNUSED_VARIABLE = YES;
				MTL_ENABLE_DEBUG_INFO = INCLUDE_SOURCE;
				MTL_FAST_MATH = YES;
				ONLY_ACTIVE_ARCH = YES;
				SWIFT_ACTIVE_COMPILATION_CONDITIONS = DEBUG;
				SWIFT_OPTIMIZATION_LEVEL = "-Onone";
			};
			name = Debug;
		};
		1400F9B5241BF47D003BFED8 /* Release */ = {
			isa = XCBuildConfiguration;
			buildSettings = {
				ALWAYS_SEARCH_USER_PATHS = NO;
				CLANG_ANALYZER_NONNULL = YES;
				CLANG_ANALYZER_NUMBER_OBJECT_CONVERSION = YES_AGGRESSIVE;
				CLANG_CXX_LANGUAGE_STANDARD = "gnu++14";
				CLANG_CXX_LIBRARY = "libc++";
				CLANG_ENABLE_MODULES = YES;
				CLANG_ENABLE_OBJC_ARC = YES;
				CLANG_ENABLE_OBJC_WEAK = YES;
				CLANG_WARN_BLOCK_CAPTURE_AUTORELEASING = YES;
				CLANG_WARN_BOOL_CONVERSION = YES;
				CLANG_WARN_COMMA = YES;
				CLANG_WARN_CONSTANT_CONVERSION = YES;
				CLANG_WARN_DEPRECATED_OBJC_IMPLEMENTATIONS = YES;
				CLANG_WARN_DIRECT_OBJC_ISA_USAGE = YES_ERROR;
				CLANG_WARN_DOCUMENTATION_COMMENTS = YES;
				CLANG_WARN_EMPTY_BODY = YES;
				CLANG_WARN_ENUM_CONVERSION = YES;
				CLANG_WARN_INFINITE_RECURSION = YES;
				CLANG_WARN_INT_CONVERSION = YES;
				CLANG_WARN_NON_LITERAL_NULL_CONVERSION = YES;
				CLANG_WARN_OBJC_IMPLICIT_RETAIN_SELF = YES;
				CLANG_WARN_OBJC_LITERAL_CONVERSION = YES;
				CLANG_WARN_OBJC_ROOT_CLASS = YES_ERROR;
				CLANG_WARN_RANGE_LOOP_ANALYSIS = YES;
				CLANG_WARN_STRICT_PROTOTYPES = YES;
				CLANG_WARN_SUSPICIOUS_MOVE = YES;
				CLANG_WARN_UNGUARDED_AVAILABILITY = YES_AGGRESSIVE;
				CLANG_WARN_UNREACHABLE_CODE = YES;
				CLANG_WARN__DUPLICATE_METHOD_MATCH = YES;
				COPY_PHASE_STRIP = NO;
				DEBUG_INFORMATION_FORMAT = "dwarf-with-dsym";
				ENABLE_NS_ASSERTIONS = NO;
				ENABLE_STRICT_OBJC_MSGSEND = YES;
				GCC_C_LANGUAGE_STANDARD = gnu11;
				GCC_NO_COMMON_BLOCKS = YES;
				GCC_WARN_64_TO_32_BIT_CONVERSION = YES;
				GCC_WARN_ABOUT_RETURN_TYPE = YES_ERROR;
				GCC_WARN_UNDECLARED_SELECTOR = YES;
				GCC_WARN_UNINITIALIZED_AUTOS = YES_AGGRESSIVE;
				GCC_WARN_UNUSED_FUNCTION = YES;
				GCC_WARN_UNUSED_VARIABLE = YES;
				MTL_ENABLE_DEBUG_INFO = NO;
				MTL_FAST_MATH = YES;
				SWIFT_COMPILATION_MODE = wholemodule;
				SWIFT_OPTIMIZATION_LEVEL = "-O";
			};
			name = Release;
		};
		1400F9B7241BF47D003BFED8 /* Debug */ = {
			isa = XCBuildConfiguration;
			buildSettings = {
				ASSETCATALOG_COMPILER_APPICON_NAME = AppIcon;
				CODE_SIGN_STYLE = Automatic;
				CURRENT_PROJECT_VERSION = 2020.04.10.1;
				DEVELOPMENT_TEAM = 72S993BNAV;
				FRAMEWORK_SEARCH_PATHS = (
					"$(inherited)",
					"$(PROJECT_DIR)/Gravity\\ Putt\\ Shared/FirebaseAnalytics",
				);
				HEADER_SEARCH_PATHS = "$(PROJECT_DIR)/Gravity\\ Putt\\ Shared/FirebaseAnalytics";
				INFOPLIST_FILE = "$(SRCROOT)/Gravity Putt iOS/Info.plist";
				IPHONEOS_DEPLOYMENT_TARGET = 13.1;
				LD_RUNPATH_SEARCH_PATHS = (
					"$(inherited)",
					"@executable_path/Frameworks",
				);
				MARKETING_VERSION = 2020.04;
				OTHER_LDFLAGS = "-ObjC";
				PRODUCT_BUNDLE_IDENTIFIER = com.andrewfinke.space.golf;
				PRODUCT_NAME = "Gravity Putt";
				SDKROOT = iphoneos;
				SWIFT_VERSION = 5.0;
				TARGETED_DEVICE_FAMILY = "1,2";
				USER_HEADER_SEARCH_PATHS = "$(PROJECT_DIR)/Gravity\\ Putt\\ Shared/FirebaseAnalytics";
			};
			name = Debug;
		};
		1400F9B8241BF47D003BFED8 /* Release */ = {
			isa = XCBuildConfiguration;
			buildSettings = {
				ASSETCATALOG_COMPILER_APPICON_NAME = AppIcon;
				CODE_SIGN_STYLE = Automatic;
				CURRENT_PROJECT_VERSION = 2020.04.10.1;
				DEVELOPMENT_TEAM = 72S993BNAV;
				EXCLUDED_SOURCE_FILE_NAMES = fastlane_scene_data;
				FRAMEWORK_SEARCH_PATHS = (
					"$(inherited)",
					"$(PROJECT_DIR)/Gravity\\ Putt\\ Shared/FirebaseAnalytics",
				);
				HEADER_SEARCH_PATHS = "$(PROJECT_DIR)/Gravity\\ Putt\\ Shared/FirebaseAnalytics";
				INFOPLIST_FILE = "$(SRCROOT)/Gravity Putt iOS/Info.plist";
				IPHONEOS_DEPLOYMENT_TARGET = 13.1;
				LD_RUNPATH_SEARCH_PATHS = (
					"$(inherited)",
					"@executable_path/Frameworks",
				);
				MARKETING_VERSION = 2020.04;
				OTHER_LDFLAGS = "-ObjC";
				PRODUCT_BUNDLE_IDENTIFIER = com.andrewfinke.space.golf;
				PRODUCT_NAME = "Gravity Putt";
				SDKROOT = iphoneos;
				SWIFT_VERSION = 5.0;
				TARGETED_DEVICE_FAMILY = "1,2";
				USER_HEADER_SEARCH_PATHS = "$(PROJECT_DIR)/Gravity\\ Putt\\ Shared/FirebaseAnalytics";
				VALIDATE_PRODUCT = YES;
			};
			name = Release;
		};
		1400F9BA241BF47D003BFED8 /* Debug */ = {
			isa = XCBuildConfiguration;
			buildSettings = {
				ASSETCATALOG_COMPILER_APPICON_NAME = "tvOS App Icon & Top Shelf Image";
				CODE_SIGN_STYLE = Automatic;
				CURRENT_PROJECT_VERSION = 2020.04.09;
				DEVELOPMENT_TEAM = 72S993BNAV;
				FRAMEWORK_SEARCH_PATHS = "$(inherited)";
				INFOPLIST_FILE = "Gravity Putt tvOS/Info.plist";
				LD_RUNPATH_SEARCH_PATHS = (
					"$(inherited)",
					"@executable_path/Frameworks",
				);
				MARKETING_VERSION = 2020.04;
				OTHER_LDFLAGS = "-ObjC";
				PRODUCT_BUNDLE_IDENTIFIER = com.andrewfinke.space.golf;
				PRODUCT_NAME = "Gravity Putt";
				SDKROOT = appletvos;
				SWIFT_VERSION = 5.0;
				TARGETED_DEVICE_FAMILY = 3;
				TVOS_DEPLOYMENT_TARGET = 13.1;
			};
			name = Debug;
		};
		1400F9BB241BF47D003BFED8 /* Release */ = {
			isa = XCBuildConfiguration;
			buildSettings = {
				ASSETCATALOG_COMPILER_APPICON_NAME = "tvOS App Icon & Top Shelf Image";
				CODE_SIGN_STYLE = Automatic;
				CURRENT_PROJECT_VERSION = 2020.04.09;
				DEVELOPMENT_TEAM = 72S993BNAV;
				FRAMEWORK_SEARCH_PATHS = "$(inherited)";
				INFOPLIST_FILE = "Gravity Putt tvOS/Info.plist";
				LD_RUNPATH_SEARCH_PATHS = (
					"$(inherited)",
					"@executable_path/Frameworks",
				);
				MARKETING_VERSION = 2020.04;
				OTHER_LDFLAGS = "-ObjC";
				PRODUCT_BUNDLE_IDENTIFIER = com.andrewfinke.space.golf;
				PRODUCT_NAME = "Gravity Putt";
				SDKROOT = appletvos;
				SWIFT_VERSION = 5.0;
				TARGETED_DEVICE_FAMILY = 3;
				TVOS_DEPLOYMENT_TARGET = 13.1;
				VALIDATE_PRODUCT = YES;
			};
			name = Release;
		};
		1400F9BD241BF47D003BFED8 /* Debug */ = {
			isa = XCBuildConfiguration;
			buildSettings = {
				ASSETCATALOG_COMPILER_APPICON_NAME = AppIcon;
				CODE_SIGN_ENTITLEMENTS = "Gravity Putt macOS/Gravity Putt.entitlements";
				CODE_SIGN_IDENTITY = "Apple Development";
				CODE_SIGN_STYLE = Automatic;
				COMBINE_HIDPI_IMAGES = YES;
				CURRENT_PROJECT_VERSION = 2020.04.11;
				DEVELOPMENT_TEAM = 72S993BNAV;
				ENABLE_HARDENED_RUNTIME = YES;
				FRAMEWORK_SEARCH_PATHS = "$(inherited)";
				INFOPLIST_FILE = "Gravity Putt macOS/Info.plist";
				LD_RUNPATH_SEARCH_PATHS = (
					"$(inherited)",
					"@executable_path/../Frameworks",
				);
				MACOSX_DEPLOYMENT_TARGET = 10.15;
				MARKETING_VERSION = 2020.04;
				OTHER_SWIFT_FLAGS = "-Xfrontend -debug-time-function-bodies";
				PRODUCT_BUNDLE_IDENTIFIER = com.andrewfinke.space.golf;
				PRODUCT_NAME = "Gravity Putt";
				SDKROOT = macosx;
				SWIFT_VERSION = 5.0;
			};
			name = Debug;
		};
		1400F9BE241BF47D003BFED8 /* Release */ = {
			isa = XCBuildConfiguration;
			buildSettings = {
				ASSETCATALOG_COMPILER_APPICON_NAME = AppIcon;
				CODE_SIGN_ENTITLEMENTS = "Gravity Putt macOS/Gravity Putt.entitlements";
				CODE_SIGN_IDENTITY = "Apple Development";
				CODE_SIGN_STYLE = Automatic;
				COMBINE_HIDPI_IMAGES = YES;
				CURRENT_PROJECT_VERSION = 2020.04.11;
				DEVELOPMENT_TEAM = 72S993BNAV;
				ENABLE_HARDENED_RUNTIME = YES;
				FRAMEWORK_SEARCH_PATHS = "$(inherited)";
				INFOPLIST_FILE = "Gravity Putt macOS/Info.plist";
				LD_RUNPATH_SEARCH_PATHS = (
					"$(inherited)",
					"@executable_path/../Frameworks",
				);
				MACOSX_DEPLOYMENT_TARGET = 10.15;
				MARKETING_VERSION = 2020.04;
				OTHER_SWIFT_FLAGS = "-Xfrontend -debug-time-function-bodies";
				PRODUCT_BUNDLE_IDENTIFIER = com.andrewfinke.space.golf;
				PRODUCT_NAME = "Gravity Putt";
				SDKROOT = macosx;
				SWIFT_VERSION = 5.0;
			};
			name = Release;
		};
		1419B42A243DAC5B00A74A63 /* Debug */ = {
			isa = XCBuildConfiguration;
			buildSettings = {
				BUNDLE_LOADER = "$(TEST_HOST)";
				CODE_SIGN_STYLE = Automatic;
				COMBINE_HIDPI_IMAGES = YES;
				DEVELOPMENT_TEAM = 72S993BNAV;
				INFOPLIST_FILE = "Gravity Putt Tests/Info.plist";
				LD_RUNPATH_SEARCH_PATHS = (
					"$(inherited)",
					"@executable_path/../Frameworks",
					"@loader_path/../Frameworks",
				);
				MACOSX_DEPLOYMENT_TARGET = 10.15;
				PRODUCT_BUNDLE_IDENTIFIER = com.andrewfinke.GameTests;
				PRODUCT_NAME = "$(TARGET_NAME)";
				SDKROOT = macosx;
				SWIFT_VERSION = 5.0;
				TEST_HOST = "$(BUILT_PRODUCTS_DIR)/Gravity Putt.app/Contents/MacOS/Gravity Putt";
			};
			name = Debug;
		};
		1419B42B243DAC5B00A74A63 /* Release */ = {
			isa = XCBuildConfiguration;
			buildSettings = {
				BUNDLE_LOADER = "$(TEST_HOST)";
				CODE_SIGN_STYLE = Automatic;
				COMBINE_HIDPI_IMAGES = YES;
				DEVELOPMENT_TEAM = 72S993BNAV;
				INFOPLIST_FILE = "Gravity Putt Tests/Info.plist";
				LD_RUNPATH_SEARCH_PATHS = (
					"$(inherited)",
					"@executable_path/../Frameworks",
					"@loader_path/../Frameworks",
				);
				MACOSX_DEPLOYMENT_TARGET = 10.15;
				PRODUCT_BUNDLE_IDENTIFIER = com.andrewfinke.GameTests;
				PRODUCT_NAME = "$(TARGET_NAME)";
				SDKROOT = macosx;
				SWIFT_VERSION = 5.0;
				TEST_HOST = "$(BUILT_PRODUCTS_DIR)/Gravity Putt.app/Contents/MacOS/Gravity Putt";
			};
			name = Release;
		};
		14C4ADC12446545900816A11 /* Debug */ = {
			isa = XCBuildConfiguration;
			buildSettings = {
				CODE_SIGN_STYLE = Automatic;
				DEVELOPMENT_TEAM = 72S993BNAV;
				INFOPLIST_FILE = "GravityPuttScreenshots-iOS/Info.plist";
				IPHONEOS_DEPLOYMENT_TARGET = 13.4;
				LD_RUNPATH_SEARCH_PATHS = (
					"$(inherited)",
					"@executable_path/Frameworks",
					"@loader_path/Frameworks",
				);
				PRODUCT_BUNDLE_IDENTIFIER = "com.andrewfinke.GravityGolfScreenshots-iOS";
				PRODUCT_NAME = "$(TARGET_NAME)";
				SDKROOT = iphoneos;
				SWIFT_VERSION = 5.0;
				TARGETED_DEVICE_FAMILY = "1,2";
				TEST_TARGET_NAME = "Gravity Putt iOS";
			};
			name = Debug;
		};
		14C4ADC22446545900816A11 /* Release */ = {
			isa = XCBuildConfiguration;
			buildSettings = {
				CODE_SIGN_STYLE = Automatic;
				DEVELOPMENT_TEAM = 72S993BNAV;
				INFOPLIST_FILE = "GravityPuttScreenshots-iOS/Info.plist";
				IPHONEOS_DEPLOYMENT_TARGET = 13.4;
				LD_RUNPATH_SEARCH_PATHS = (
					"$(inherited)",
					"@executable_path/Frameworks",
					"@loader_path/Frameworks",
				);
				PRODUCT_BUNDLE_IDENTIFIER = "com.andrewfinke.GravityGolfScreenshots-iOS";
				PRODUCT_NAME = "$(TARGET_NAME)";
				SDKROOT = iphoneos;
				SWIFT_VERSION = 5.0;
				TARGETED_DEVICE_FAMILY = "1,2";
				TEST_TARGET_NAME = "Gravity Putt iOS";
				VALIDATE_PRODUCT = YES;
			};
			name = Release;
		};
/* End XCBuildConfiguration section */

/* Begin XCConfigurationList section */
		1400F971241BF47C003BFED8 /* Build configuration list for PBXProject "Gravity Putt" */ = {
			isa = XCConfigurationList;
			buildConfigurations = (
				1400F9B4241BF47D003BFED8 /* Debug */,
				1400F9B5241BF47D003BFED8 /* Release */,
			);
			defaultConfigurationIsVisible = 0;
			defaultConfigurationName = Release;
		};
		1400F9B6241BF47D003BFED8 /* Build configuration list for PBXNativeTarget "Gravity Putt iOS" */ = {
			isa = XCConfigurationList;
			buildConfigurations = (
				1400F9B7241BF47D003BFED8 /* Debug */,
				1400F9B8241BF47D003BFED8 /* Release */,
			);
			defaultConfigurationIsVisible = 0;
			defaultConfigurationName = Release;
		};
		1400F9B9241BF47D003BFED8 /* Build configuration list for PBXNativeTarget "Gravity Putt tvOS" */ = {
			isa = XCConfigurationList;
			buildConfigurations = (
				1400F9BA241BF47D003BFED8 /* Debug */,
				1400F9BB241BF47D003BFED8 /* Release */,
			);
			defaultConfigurationIsVisible = 0;
			defaultConfigurationName = Release;
		};
		1400F9BC241BF47D003BFED8 /* Build configuration list for PBXNativeTarget "Gravity Putt macOS" */ = {
			isa = XCConfigurationList;
			buildConfigurations = (
				1400F9BD241BF47D003BFED8 /* Debug */,
				1400F9BE241BF47D003BFED8 /* Release */,
			);
			defaultConfigurationIsVisible = 0;
			defaultConfigurationName = Release;
		};
		1419B42C243DAC5B00A74A63 /* Build configuration list for PBXNativeTarget "Gravity Putt Tests" */ = {
			isa = XCConfigurationList;
			buildConfigurations = (
				1419B42A243DAC5B00A74A63 /* Debug */,
				1419B42B243DAC5B00A74A63 /* Release */,
			);
			defaultConfigurationIsVisible = 0;
			defaultConfigurationName = Release;
		};
		14C4ADC32446545900816A11 /* Build configuration list for PBXNativeTarget "GravityPuttScreenshots-iOS" */ = {
			isa = XCConfigurationList;
			buildConfigurations = (
				14C4ADC12446545900816A11 /* Debug */,
				14C4ADC22446545900816A11 /* Release */,
			);
			defaultConfigurationIsVisible = 0;
			defaultConfigurationName = Release;
		};
/* End XCConfigurationList section */
	};
	rootObject = 1400F96E241BF47C003BFED8 /* Project object */;
}
